PODS:
  - Alamofire (4.7.3)
  - AlamofireObjectMapper (5.2.0):
    - Alamofire (~> 4.7)
    - ObjectMapper (~> 3.4)
  - AMPopTip (3.5.0)
  - CountryPickerView (2.2.1)
  - CryptoSwift (0.13.1)
  - DeviceKit (1.9.0)
  - FSPagerView (0.8.2)
  - HUIPatternLockView-Swift (2.0.1)
  - IQKeyboardManager (6.0.6)
  - oath (0.4.0):
    - CryptoSwift (~> 0.13.0)
  - ObjectMapper (3.4.2)
  - "ObjectMapper+Realm (0.6)":
    - ObjectMapper
    - RealmSwift
  - Onboard (2.3.3)
  - PasswordTextField (1.2.0)
  - R.swift (5.0.2):
    - R.swift.Library (~> 5.0.0)
  - R.swift.Library (5.0.0)
  - Realm (3.13.1):
    - Realm/Headers (= 3.13.1)
  - Realm/Headers (3.13.1)
  - RealmSwift (3.13.1):
    - Realm (= 3.13.1)
  - SwiftyGif (4.2.0)
  - TTGSnackbar (1.7.5)
  - XLActionController (4.1.1):
    - XLActionController/Core (= 4.1.1)
  - XLActionController/Core (4.1.1)
  - XLActionController/Spotify (4.1.1):
    - XLActionController/Core

DEPENDENCIES:
  - Alamofire (~> 4.7.3)
  - AlamofireObjectMapper (~> 5.0)
  - AMPopTip (~> 3.5.0)
  - CountryPickerView (~> 2.2.0)
  - CryptoSwift (~> 0.13.0)
  - DeviceKit (~> 1.9.0)
  - FSPagerView (~> 0.8.1)
  - HUIPatternLockView-Swift (~> 2.0.1)
  - IQKeyboardManager (~> 6.0.4)
  - oath (from `https://github.com/Carrene/oath.swift.git`, tag `0.4.0`)
  - "ObjectMapper+Realm (~> 0.6)"
  - Onboard (~> 2.3.3)
  - PasswordTextField (~> 1.2.0)
  - R.swift
  - SwiftyGif (~> 4.2.0)
  - TTGSnackbar (~> 1.7.5)
  - XLActionController (~> 4.1.0)
  - XLActionController/Spotify

SPEC REPOS:
  https://github.com/cocoapods/specs.git:
    - Alamofire
    - AlamofireObjectMapper
    - AMPopTip
    - CountryPickerView
    - CryptoSwift
    - DeviceKit
    - FSPagerView
    - HUIPatternLockView-Swift
    - IQKeyboardManager
    - ObjectMapper
    - "ObjectMapper+Realm"
    - Onboard
    - PasswordTextField
    - R.swift
    - R.swift.Library
    - Realm
    - RealmSwift
    - SwiftyGif
    - TTGSnackbar
    - XLActionController

EXTERNAL SOURCES:
  oath:
    :git: https://github.com/Carrene/oath.swift.git
    :tag: 0.4.0

CHECKOUT OPTIONS:
  oath:
    :git: https://github.com/Carrene/oath.swift.git
    :tag: 0.4.0

SPEC CHECKSUMS:
  Alamofire: c7287b6e5d7da964a70935e5db17046b7fde6568
  AlamofireObjectMapper: 92b6ce2423a9d159e686f6a1d514a009bf903ddc
  AMPopTip: 871ae0570b68fe396e714922b3f7d8ed6a36bb71
  CountryPickerView: b21b69a1ed16df0e198b819ad897e885b19f5389
  CryptoSwift: ff68c35a53e03177d31aaa2c1e8b3e010aeed6cb
  DeviceKit: a376cb3d0dda0c27c81dcc0d2b7b8600b6802065
  FSPagerView: 816a18842306973cc7cc6df8a5332272f7815c30
  HUIPatternLockView-Swift: 0f72d91ff3aeb01f5cad43f6093c5361522bb472
  IQKeyboardManager: 6b4ecd3e59cf55a26133d802d4678721d7f88499
  oath: 107b59d360ec1f9f0fce270d32b1e5052a59aa3a
  ObjectMapper: 0d4402610f4e468903ae64629eec4784531e5c51
  "ObjectMapper+Realm": 4cf44ed3202a73f08594e21e13eb3f8aa9b5a664
  Onboard: 4d6e943e20bdd6bc229df967a347dd7514bc2a6f
  PasswordTextField: 2548de43f150fc90a014da47b0d97e31aada4b94
  R.swift: 81455d81467763cbd3f4d79d938d05f4ac4c0228
  R.swift.Library: 0bf390e729bc10bb2c9e4fb78bd043164a7be4ff
  Realm: 50071da38fe079e0735e47c9f2eae738c68c5996
  RealmSwift: 8a1e6a02b7a08cd17a31e3115143fb69fe5f3fb9
  SwiftyGif: a149bf84df23370592f3f075561ae02c8632a314
  TTGSnackbar: 2cf4e7b6ffbe5cddf248a73f3ee952b71bee8ea3
  XLActionController: d2ab12a967ae0fee0b4563b8d809c8fb13ebc636

PODFILE CHECKSUM: fa7f1f77db6adba7240ea1b9070d76fe279da102

COCOAPODS: 1.5.3
