PODS:
  - Alamofire (4.7.3)
  - AlamofireObjectMapper (5.2.0):
    - Alamofire (~> 4.7)
    - ObjectMapper (~> 3.4)
  - AMPopTip (3.5.0)
  - CountryPickerView (2.2.1)
  - Crashlytics (3.12.0):
    - Fabric (~> 1.9.0)
  - CryptoSwift (0.13.1)
  - DeviceKit (1.9.0)
  - DTTJailbreakDetection (0.4.0)
  - Fabric (1.9.0)
  - Firebase/Core (5.16.0):
    - Firebase/CoreOnly
    - FirebaseAnalytics (= 5.5.0)
  - Firebase/CoreOnly (5.16.0):
    - FirebaseCore (= 5.2.0)
  - Firebase/Messaging (5.16.0):
    - Firebase/CoreOnly
    - FirebaseMessaging (= 3.3.0)
  - FirebaseAnalytics (5.5.0):
    - FirebaseCore (~> 5.2)
    - FirebaseInstanceID (~> 3.4)
    - GoogleAppMeasurement (= 5.5.0)
    - GoogleUtilities/AppDelegateSwizzler (~> 5.2)
    - GoogleUtilities/MethodSwizzler (~> 5.2)
    - GoogleUtilities/Network (~> 5.2)
    - "GoogleUtilities/NSData+zlib (~> 5.2)"
    - nanopb (~> 0.3)
  - FirebaseAnalyticsInterop (1.1.0)
  - FirebaseCore (5.2.0):
    - GoogleUtilities/Logger (~> 5.2)
  - FirebaseInstanceID (3.4.0):
    - FirebaseCore (~> 5.2)
    - GoogleUtilities/Environment (~> 5.3)
    - GoogleUtilities/UserDefaults (~> 5.3)
  - FirebaseMessaging (3.3.0):
    - FirebaseAnalyticsInterop (~> 1.1)
    - FirebaseCore (~> 5.2)
    - FirebaseInstanceID (~> 3.4)
    - GoogleUtilities/Environment (~> 5.2)
    - GoogleUtilities/Reachability (~> 5.2)
    - Protobuf (~> 3.1)
  - FSPagerView (0.8.2)
  - GoogleAppMeasurement (5.5.0):
    - GoogleUtilities/AppDelegateSwizzler (~> 5.2)
    - GoogleUtilities/MethodSwizzler (~> 5.2)
    - GoogleUtilities/Network (~> 5.2)
    - "GoogleUtilities/NSData+zlib (~> 5.2)"
    - nanopb (~> 0.3)
  - GoogleUtilities/AppDelegateSwizzler (5.3.7):
    - GoogleUtilities/Environment
    - GoogleUtilities/Logger
    - GoogleUtilities/Network
  - GoogleUtilities/Environment (5.3.7)
  - GoogleUtilities/Logger (5.3.7):
    - GoogleUtilities/Environment
  - GoogleUtilities/MethodSwizzler (5.3.7):
    - GoogleUtilities/Logger
  - GoogleUtilities/Network (5.3.7):
    - GoogleUtilities/Logger
    - "GoogleUtilities/NSData+zlib"
    - GoogleUtilities/Reachability
  - "GoogleUtilities/NSData+zlib (5.3.7)"
  - GoogleUtilities/Reachability (5.3.7):
    - GoogleUtilities/Logger
  - GoogleUtilities/UserDefaults (5.3.7):
    - GoogleUtilities/Logger
  - HUIPatternLockView-Swift (2.0.1)
  - InputMask (3.4.1)
  - IQKeyboardManager (6.0.6)
  - nanopb (0.3.901):
    - nanopb/decode (= 0.3.901)
    - nanopb/encode (= 0.3.901)
  - nanopb/decode (0.3.901)
  - nanopb/encode (0.3.901)
  - oath (0.4.0):
    - CryptoSwift (~> 0.13.0)
  - ObjectMapper (3.4.2)
  - "ObjectMapper+Realm (0.6)":
    - ObjectMapper
    - RealmSwift
  - Onboard (2.3.3)
  - PasswordTextField (1.2.0)
  - Protobuf (3.6.1)
  - R.swift (5.0.2):
    - R.swift.Library (~> 5.0.0)
  - R.swift.Library (5.0.0)
  - Realm (3.13.1):
    - Realm/Headers (= 3.13.1)
  - Realm/Headers (3.13.1)
  - RealmSwift (3.13.1):
    - Realm (= 3.13.1)
  - SwiftyGif (4.2.0)
  - TTGSnackbar (1.7.5)
  - XLActionController (4.1.1):
    - XLActionController/Core (= 4.1.1)
  - XLActionController/Core (4.1.1)
  - XLActionController/Spotify (4.1.1):
    - XLActionController/Core

DEPENDENCIES:
  - Alamofire (~> 4.7.3)
  - AlamofireObjectMapper (~> 5.0)
  - AMPopTip (~> 3.5.0)
  - CountryPickerView (~> 2.2.0)
  - Crashlytics (~> 3.12.0)
  - CryptoSwift (~> 0.13.0)
  - DeviceKit (~> 1.9.0)
  - DTTJailbreakDetection (~> 0.4.0)
  - Fabric (~> 1.9.0)
  - Firebase/Core
  - Firebase/Messaging
  - FSPagerView (~> 0.8.1)
  - HUIPatternLockView-Swift (~> 2.0.1)
  - InputMask (~> 3.4.0)
  - IQKeyboardManager (~> 6.0.4)
  - oath (from `https://github.com/Carrene/oath.swift.git`, tag `0.4.0`)
  - "ObjectMapper+Realm (~> 0.6)"
  - Onboard (~> 2.3.3)
  - PasswordTextField (~> 1.2.0)
  - R.swift
  - SwiftyGif (~> 4.2.0)
  - TTGSnackbar (~> 1.7.5)
  - XLActionController (~> 4.1.0)
  - XLActionController/Spotify

SPEC REPOS:
  https://github.com/cocoapods/specs.git:
    - Alamofire
    - AlamofireObjectMapper
    - AMPopTip
    - CountryPickerView
    - Crashlytics
    - CryptoSwift
    - DeviceKit
    - DTTJailbreakDetection
    - Fabric
    - Firebase
    - FirebaseAnalytics
    - FirebaseAnalyticsInterop
    - FirebaseCore
    - FirebaseInstanceID
    - FirebaseMessaging
    - FSPagerView
    - GoogleAppMeasurement
    - GoogleUtilities
    - HUIPatternLockView-Swift
    - InputMask
    - IQKeyboardManager
    - nanopb
    - ObjectMapper
    - "ObjectMapper+Realm"
    - Onboard
    - PasswordTextField
    - Protobuf
    - R.swift
    - R.swift.Library
    - Realm
    - RealmSwift
    - SwiftyGif
    - TTGSnackbar
    - XLActionController

EXTERNAL SOURCES:
  oath:
    :git: https://github.com/Carrene/oath.swift.git
    :tag: 0.4.0

CHECKOUT OPTIONS:
  oath:
    :git: https://github.com/Carrene/oath.swift.git
    :tag: 0.4.0

SPEC CHECKSUMS:
  Alamofire: c7287b6e5d7da964a70935e5db17046b7fde6568
  AlamofireObjectMapper: 92b6ce2423a9d159e686f6a1d514a009bf903ddc
  AMPopTip: 871ae0570b68fe396e714922b3f7d8ed6a36bb71
  CountryPickerView: b21b69a1ed16df0e198b819ad897e885b19f5389
  Crashlytics: 07fb167b1694128c1c9a5a5cc319b0e9c3ca0933
  CryptoSwift: ff68c35a53e03177d31aaa2c1e8b3e010aeed6cb
  DeviceKit: a376cb3d0dda0c27c81dcc0d2b7b8600b6802065
  DTTJailbreakDetection: 5e356c5badc17995f65a83ed9483f787a0057b71
  Fabric: f988e33c97f08930a413e08123064d2e5f68d655
  Firebase: 749a8ff4962f9d8c79dda1966de20f6f77583d67
  FirebaseAnalytics: d35d47c03c50c73c14a7fd31463c5775843e78a9
  FirebaseAnalyticsInterop: e5f21be9af6548372e2f0815834ff909bff395a2
  FirebaseCore: ea2d1816723ef21492b8e9113303e1350db5e08c
  FirebaseInstanceID: 97ea7a5dca9afd72c79bfcdddb7a44aa1cbb42a1
  FirebaseMessaging: acbd51fe1a172bf29abaaa6e93a60f98bbf8e4f9
  FSPagerView: 816a18842306973cc7cc6df8a5332272f7815c30
  GoogleAppMeasurement: 621f3bc6211d5ba548debe01fafad30cf5ab6859
  GoogleUtilities: 111a012f4c3a29c9e7c954c082fafd6ee3c999c0
  HUIPatternLockView-Swift: 0f72d91ff3aeb01f5cad43f6093c5361522bb472
  InputMask: 2c7d3faddbc724a8356a6ea269d60d9d6d7d2423
  IQKeyboardManager: 6b4ecd3e59cf55a26133d802d4678721d7f88499
  nanopb: 2901f78ea1b7b4015c860c2fdd1ea2fee1a18d48
  oath: 107b59d360ec1f9f0fce270d32b1e5052a59aa3a
  ObjectMapper: 0d4402610f4e468903ae64629eec4784531e5c51
  "ObjectMapper+Realm": 4cf44ed3202a73f08594e21e13eb3f8aa9b5a664
  Onboard: 4d6e943e20bdd6bc229df967a347dd7514bc2a6f
  PasswordTextField: 2548de43f150fc90a014da47b0d97e31aada4b94
  Protobuf: 1eb9700044745f00181c136ef21b8ff3ad5a0fd5
  R.swift: 81455d81467763cbd3f4d79d938d05f4ac4c0228
  R.swift.Library: 0bf390e729bc10bb2c9e4fb78bd043164a7be4ff
  Realm: 50071da38fe079e0735e47c9f2eae738c68c5996
  RealmSwift: 8a1e6a02b7a08cd17a31e3115143fb69fe5f3fb9
  SwiftyGif: a149bf84df23370592f3f075561ae02c8632a314
  TTGSnackbar: 2cf4e7b6ffbe5cddf248a73f3ee952b71bee8ea3
  XLActionController: d2ab12a967ae0fee0b4563b8d809c8fb13ebc636

PODFILE CHECKSUM: b2a40e2961c46f28b968de24156792992089932e

COCOAPODS: 1.5.3
