// !$*UTF8*$!
{
	archiveVersion = 1;
	classes = {
	};
	objectVersion = 50;
	objects = {

/* Begin PBXBuildFile section */
		057924BF219202CB00DFA69F /* TokenViewController.swift in Sources */ = {isa = PBXBuildFile; fileRef = 057924BE219202CB00DFA69F /* TokenViewController.swift */; };
		0958FAA06B5F86A1291CA950 /* Pods_MobileToken.framework in Frameworks */ = {isa = PBXBuildFile; fileRef = EA1FA22EE60EF74C815B714D /* Pods_MobileToken.framework */; };
		1CB2330220A217A8F296F2FE /* Pods_MobileTokenUITests.framework in Frameworks */ = {isa = PBXBuildFile; fileRef = 9707D645D1028E760402A760 /* Pods_MobileTokenUITests.framework */; };
		3708BCAB95C68AC03F840EBC /* Pods_MobileTokenTests.framework in Frameworks */ = {isa = PBXBuildFile; fileRef = 6CB1C91E9D402BB91531CE29 /* Pods_MobileTokenTests.framework */; };
		AC64C169219FF9F2007BA829 /* Registration.storyboard in Resources */ = {isa = PBXBuildFile; fileRef = AC64C168219FF9F2007BA829 /* Registration.storyboard */; };
		AF246A7C21984A5500C44E4B /* Bank.swift in Sources */ = {isa = PBXBuildFile; fileRef = AF246A7B21984A5500C44E4B /* Bank.swift */; };
		AF246A7E219852EA00C44E4B /* Card.swift in Sources */ = {isa = PBXBuildFile; fileRef = AF246A7D219852EA00C44E4B /* Card.swift */; };
		AF246A822198687E00C44E4B /* CardTypeEnum.swift in Sources */ = {isa = PBXBuildFile; fileRef = AF246A812198687E00C44E4B /* CardTypeEnum.swift */; };
		AF246A84219948F300C44E4B /* Token.swift in Sources */ = {isa = PBXBuildFile; fileRef = AF246A83219948F300C44E4B /* Token.swift */; };
		AF246A862199762700C44E4B /* AuthenticationRepository.swift in Sources */ = {isa = PBXBuildFile; fileRef = AF246A852199762700C44E4B /* AuthenticationRepository.swift */; };
		AF246A8E21999AE400C44E4B /* UserRepository.swift in Sources */ = {isa = PBXBuildFile; fileRef = AF246A8A21999AE400C44E4B /* UserRepository.swift */; };
		AF246A8F21999AE400C44E4B /* UserRestRepository.swift in Sources */ = {isa = PBXBuildFile; fileRef = AF246A8B21999AE400C44E4B /* UserRestRepository.swift */; };
		AF246A9021999AE400C44E4B /* UserRealmRepository.swift in Sources */ = {isa = PBXBuildFile; fileRef = AF246A8C21999AE400C44E4B /* UserRealmRepository.swift */; };
		AF246A9121999AE400C44E4B /* UserRepositoryProtocol.swift in Sources */ = {isa = PBXBuildFile; fileRef = AF246A8D21999AE400C44E4B /* UserRepositoryProtocol.swift */; };
		AF246A952199A2CE00C44E4B /* ApiHelper.swift in Sources */ = {isa = PBXBuildFile; fileRef = AF246A932199A2CE00C44E4B /* ApiHelper.swift */; };
		AF246A962199A2CE00C44E4B /* Interceptor.swift in Sources */ = {isa = PBXBuildFile; fileRef = AF246A942199A2CE00C44E4B /* Interceptor.swift */; };
		AF246A982199A59100C44E4B /* JwtPersistable.swift in Sources */ = {isa = PBXBuildFile; fileRef = AF246A972199A59100C44E4B /* JwtPersistable.swift */; };
		AF246A9A2199A5DA00C44E4B /* UserDefaultsJwtPersistor.swift in Sources */ = {isa = PBXBuildFile; fileRef = AF246A992199A5DA00C44E4B /* UserDefaultsJwtPersistor.swift */; };
		AF246A9D219AA57B00C44E4B /* BankRepositoryProtocol.swift in Sources */ = {isa = PBXBuildFile; fileRef = AF246A9C219AA57B00C44E4B /* BankRepositoryProtocol.swift */; };
		AF246A9F219AAA1700C44E4B /* BankRealmRepository.swift in Sources */ = {isa = PBXBuildFile; fileRef = AF246A9E219AAA1700C44E4B /* BankRealmRepository.swift */; };
		AF246AA1219AB17F00C44E4B /* BankRepository.swift in Sources */ = {isa = PBXBuildFile; fileRef = AF246AA0219AB17F00C44E4B /* BankRepository.swift */; };
		AF246AA4219AB91700C44E4B /* CardRepositoryProtocol.swift in Sources */ = {isa = PBXBuildFile; fileRef = AF246AA3219AB91700C44E4B /* CardRepositoryProtocol.swift */; };
		AF246AA6219ABBA400C44E4B /* CardRelmRepsitory.swift in Sources */ = {isa = PBXBuildFile; fileRef = AF246AA5219ABBA400C44E4B /* CardRelmRepsitory.swift */; };
		AF246AA8219ACAC700C44E4B /* CardRepository.swift in Sources */ = {isa = PBXBuildFile; fileRef = AF246AA7219ACAC600C44E4B /* CardRepository.swift */; };
		AF246AAB219ADC3300C44E4B /* TokenRepositoryProtocol.swift in Sources */ = {isa = PBXBuildFile; fileRef = AF246AAA219ADC3300C44E4B /* TokenRepositoryProtocol.swift */; };
		AF246AAD219ADCC000C44E4B /* TokenRealmRepository.swift in Sources */ = {isa = PBXBuildFile; fileRef = AF246AAC219ADCC000C44E4B /* TokenRealmRepository.swift */; };
		AF246AAF219AE0A500C44E4B /* TokenRepository.swift in Sources */ = {isa = PBXBuildFile; fileRef = AF246AAE219AE0A500C44E4B /* TokenRepository.swift */; };
		AF285FF2219C46E300D8C342 /* BankPagerViewAdapter.swift in Sources */ = {isa = PBXBuildFile; fileRef = AF285FF1219C46E300D8C342 /* BankPagerViewAdapter.swift */; };
		AF285FF4219C498000D8C342 /* BankPagerViewCell.xib in Resources */ = {isa = PBXBuildFile; fileRef = AF285FF3219C498000D8C342 /* BankPagerViewCell.xib */; };
		AF285FF6219C4A3500D8C342 /* BankPagerViewCell.swift in Sources */ = {isa = PBXBuildFile; fileRef = AF285FF5219C4A3500D8C342 /* BankPagerViewCell.swift */; };
		AF285FFA219C52F700D8C342 /* PhoneInputViewController.swift in Sources */ = {isa = PBXBuildFile; fileRef = AF285FF9219C52F700D8C342 /* PhoneInputViewController.swift */; };
		AF286013219D7B0400D8C342 /* IRANSansMobile-Bold.ttf in Resources */ = {isa = PBXBuildFile; fileRef = AF28600E219D7AFE00D8C342 /* IRANSansMobile-Bold.ttf */; };
		AF286014219D7B0700D8C342 /* IRANSansMobile-Light.ttf in Resources */ = {isa = PBXBuildFile; fileRef = AF286010219D7AFE00D8C342 /* IRANSansMobile-Light.ttf */; };
		AF286015219D7B0A00D8C342 /* IRANSansMobile-Medium.ttf in Resources */ = {isa = PBXBuildFile; fileRef = AF286012219D7AFF00D8C342 /* IRANSansMobile-Medium.ttf */; };
		AF286016219D7B0D00D8C342 /* IRANSansMobile-UltraLight.ttf in Resources */ = {isa = PBXBuildFile; fileRef = AF28600F219D7AFE00D8C342 /* IRANSansMobile-UltraLight.ttf */; };
		AF286017219D7B1000D8C342 /* IRANSansMobile.ttf in Resources */ = {isa = PBXBuildFile; fileRef = AF286011219D7AFE00D8C342 /* IRANSansMobile.ttf */; };
		AF463BC92189DD4900DC8A3E /* RealmConfiguration.swift in Sources */ = {isa = PBXBuildFile; fileRef = AF463BC82189DD4900DC8A3E /* RealmConfiguration.swift */; };
		AF463BCE218AD11900DC8A3E /* User.swift in Sources */ = {isa = PBXBuildFile; fileRef = AF463BCD218AD11900DC8A3E /* User.swift */; };
		AF463BD0218ADD8200DC8A3E /* Authentication.swift in Sources */ = {isa = PBXBuildFile; fileRef = AF463BCF218ADD8200DC8A3E /* Authentication.swift */; };
		AFAD22FD2190777500EC00CB /* AddPasswordViewDesignable.xib in Resources */ = {isa = PBXBuildFile; fileRef = AFAD22FC2190777500EC00CB /* AddPasswordViewDesignable.xib */; };
		AFAD22FF21907B6300EC00CB /* AddPasswordViewDesignable.swift in Sources */ = {isa = PBXBuildFile; fileRef = AFAD22FE21907B6300EC00CB /* AddPasswordViewDesignable.swift */; };
		AFAD230221908A9700EC00CB /* R.generated.swift in Sources */ = {isa = PBXBuildFile; fileRef = AFAD230121908A9600EC00CB /* R.generated.swift */; };
		AFAD23052190931D00EC00CB /* SelectBankViewDesignable.xib in Resources */ = {isa = PBXBuildFile; fileRef = AFAD23042190931D00EC00CB /* SelectBankViewDesignable.xib */; };
		AFAD23072190956900EC00CB /* SelectBankViewDesignable.swift in Sources */ = {isa = PBXBuildFile; fileRef = AFAD23062190956900EC00CB /* SelectBankViewDesignable.swift */; };
		AFB39B502189A6A600302624 /* AppDelegate.swift in Sources */ = {isa = PBXBuildFile; fileRef = AFB39B4F2189A6A600302624 /* AppDelegate.swift */; };
		AFB39B552189A6A600302624 /* Main.storyboard in Resources */ = {isa = PBXBuildFile; fileRef = AFB39B532189A6A600302624 /* Main.storyboard */; };
		AFB39B572189A6A700302624 /* Assets.xcassets in Resources */ = {isa = PBXBuildFile; fileRef = AFB39B562189A6A700302624 /* Assets.xcassets */; };
		AFB39B5A2189A6A700302624 /* LaunchScreen.storyboard in Resources */ = {isa = PBXBuildFile; fileRef = AFB39B582189A6A700302624 /* LaunchScreen.storyboard */; };
		AFB39B652189A6A700302624 /* MobileTokenTests.swift in Sources */ = {isa = PBXBuildFile; fileRef = AFB39B642189A6A700302624 /* MobileTokenTests.swift */; };
		AFB39B702189A6A700302624 /* MobileTokenUITests.swift in Sources */ = {isa = PBXBuildFile; fileRef = AFB39B6F2189A6A700302624 /* MobileTokenUITests.swift */; };
		AFB9BB28218EE0D7004F16DD /* CardCell.xib in Resources */ = {isa = PBXBuildFile; fileRef = AFB9BB27218EE0D7004F16DD /* CardCell.xib */; };
		AFB9BB2A218EFB42004F16DD /* CardCellXibView.swift in Sources */ = {isa = PBXBuildFile; fileRef = AFB9BB29218EFB42004F16DD /* CardCellXibView.swift */; };
		AFBC2ADE21918E6400D37C84 /* CardPagerViewAdapter.swift in Sources */ = {isa = PBXBuildFile; fileRef = AFBC2ADD21918E6400D37C84 /* CardPagerViewAdapter.swift */; };
		AFBC2AE12191936F00D37C84 /* BankCardPagerViewCell.swift in Sources */ = {isa = PBXBuildFile; fileRef = AFBC2ADF2191936F00D37C84 /* BankCardPagerViewCell.swift */; };
		AFBC2AE22191936F00D37C84 /* BankCardPagerViewCell.xib in Resources */ = {isa = PBXBuildFile; fileRef = AFBC2AE02191936F00D37C84 /* BankCardPagerViewCell.xib */; };
		AFBC2AE5219197B000D37C84 /* AddCardPagerViewCell.swift in Sources */ = {isa = PBXBuildFile; fileRef = AFBC2AE3219197B000D37C84 /* AddCardPagerViewCell.swift */; };
		AFBC2AE6219197B000D37C84 /* AddCardPagerViewCell.xib in Resources */ = {isa = PBXBuildFile; fileRef = AFBC2AE4219197B000D37C84 /* AddCardPagerViewCell.xib */; };
		AFE190EA219029D30023E785 /* OtpViewDesignable.xib in Resources */ = {isa = PBXBuildFile; fileRef = AFE190E9219029D30023E785 /* OtpViewDesignable.xib */; };
		AFE190EC219049030023E785 /* OtpViewDesignable.swift in Sources */ = {isa = PBXBuildFile; fileRef = AFE190EB219049030023E785 /* OtpViewDesignable.swift */; };
		AFE81B0A2196CC6C00AA0AF2 /* AuthenticationDefinitionViewController.swift in Sources */ = {isa = PBXBuildFile; fileRef = AFE81B092196CC6C00AA0AF2 /* AuthenticationDefinitionViewController.swift */; };
		AFE81B0E2196CD6400AA0AF2 /* HideKeyboardWhenTappedAround.swift in Sources */ = {isa = PBXBuildFile; fileRef = AFE81B0D2196CD6400AA0AF2 /* HideKeyboardWhenTappedAround.swift */; };
		AFE81B122196CE7F00AA0AF2 /* AuthenticationDefinitionPasswordViewController.swift in Sources */ = {isa = PBXBuildFile; fileRef = AFE81B112196CE7F00AA0AF2 /* AuthenticationDefinitionPasswordViewController.swift */; };
		AFE81B152196CF0500AA0AF2 /* AuthenticationDefinitionPatternViewController.swift in Sources */ = {isa = PBXBuildFile; fileRef = AFE81B142196CF0500AA0AF2 /* AuthenticationDefinitionPatternViewController.swift */; };
		AFE81B182196D2AE00AA0AF2 /* PasswordValidator.swift in Sources */ = {isa = PBXBuildFile; fileRef = AFE81B172196D2AE00AA0AF2 /* PasswordValidator.swift */; };
		AFE81B1C2196D31700AA0AF2 /* UIColorHelper.swift in Sources */ = {isa = PBXBuildFile; fileRef = AFE81B192196D31600AA0AF2 /* UIColorHelper.swift */; };
		AFE81B1D2196D31700AA0AF2 /* SnackbarHelper.swift in Sources */ = {isa = PBXBuildFile; fileRef = AFE81B1A2196D31700AA0AF2 /* SnackbarHelper.swift */; };
		AFE81B1E2196D31700AA0AF2 /* UIHelper.swift in Sources */ = {isa = PBXBuildFile; fileRef = AFE81B1B2196D31700AA0AF2 /* UIHelper.swift */; };
		AFE81B212196D3CF00AA0AF2 /* Localized.swift in Sources */ = {isa = PBXBuildFile; fileRef = AFE81B202196D3CF00AA0AF2 /* Localized.swift */; };
		AFE81B242196D4E700AA0AF2 /* NetHex.swift in Sources */ = {isa = PBXBuildFile; fileRef = AFE81B232196D4E700AA0AF2 /* NetHex.swift */; };
		AFE81B292196D7F200AA0AF2 /* PasswordHintTableViewCell.xib in Resources */ = {isa = PBXBuildFile; fileRef = AFE81B262196D7F200AA0AF2 /* PasswordHintTableViewCell.xib */; };
		AFE81B2A2196D7F200AA0AF2 /* PasswordHintTableViewCell.swift in Sources */ = {isa = PBXBuildFile; fileRef = AFE81B272196D7F200AA0AF2 /* PasswordHintTableViewCell.swift */; };
		AFE81B2B2196D7F200AA0AF2 /* PasswordHintTableAdapter.swift in Sources */ = {isa = PBXBuildFile; fileRef = AFE81B282196D7F200AA0AF2 /* PasswordHintTableAdapter.swift */; };
		AFE81B302196DD2E00AA0AF2 /* AuthenticationRepositoryProtocol.swift in Sources */ = {isa = PBXBuildFile; fileRef = AFE81B2E2196DD2E00AA0AF2 /* AuthenticationRepositoryProtocol.swift */; };
		AFE81B312196DD2E00AA0AF2 /* AuthenticationRealmRepository.swift in Sources */ = {isa = PBXBuildFile; fileRef = AFE81B2F2196DD2E00AA0AF2 /* AuthenticationRealmRepository.swift */; };
		AFE81B352196E05900AA0AF2 /* RepositoryResponse.swift in Sources */ = {isa = PBXBuildFile; fileRef = AFE81B332196E05900AA0AF2 /* RepositoryResponse.swift */; };
		AFE81B362196E05900AA0AF2 /* Repository.swift in Sources */ = {isa = PBXBuildFile; fileRef = AFE81B342196E05900AA0AF2 /* Repository.swift */; };
		AFE81B3B2196E11A00AA0AF2 /* UnsupportedOperationException.swift in Sources */ = {isa = PBXBuildFile; fileRef = AFE81B382196E11900AA0AF2 /* UnsupportedOperationException.swift */; };
		AFE81B3C2196E11A00AA0AF2 /* MalformedURLException.swift in Sources */ = {isa = PBXBuildFile; fileRef = AFE81B392196E11A00AA0AF2 /* MalformedURLException.swift */; };
		AFE81B3D2196E11A00AA0AF2 /* EntityExistException.swift in Sources */ = {isa = PBXBuildFile; fileRef = AFE81B3A2196E11A00AA0AF2 /* EntityExistException.swift */; };
		AFE81B402196EE3400AA0AF2 /* AuthenticationViewController.swift in Sources */ = {isa = PBXBuildFile; fileRef = AFE81B3F2196EE3400AA0AF2 /* AuthenticationViewController.swift */; };
		AFE81B452196EEC100AA0AF2 /* AuthenticationPasswordViewController.swift in Sources */ = {isa = PBXBuildFile; fileRef = AFE81B442196EEC100AA0AF2 /* AuthenticationPasswordViewController.swift */; };
		AFE81B472196EF0C00AA0AF2 /* AuthenticationPatternViewController.swift in Sources */ = {isa = PBXBuildFile; fileRef = AFE81B462196EF0C00AA0AF2 /* AuthenticationPatternViewController.swift */; };
		AFE81B4B2196FA3400AA0AF2 /* Localizable.strings in Sources */ = {isa = PBXBuildFile; fileRef = AFE81B4A2196FA3400AA0AF2 /* Localizable.strings */; };
/* End PBXBuildFile section */

/* Begin PBXContainerItemProxy section */
		AFB39B612189A6A700302624 /* PBXContainerItemProxy */ = {
			isa = PBXContainerItemProxy;
			containerPortal = AFB39B442189A6A600302624 /* Project object */;
			proxyType = 1;
			remoteGlobalIDString = AFB39B4B2189A6A600302624;
			remoteInfo = MobileToken;
		};
		AFB39B6C2189A6A700302624 /* PBXContainerItemProxy */ = {
			isa = PBXContainerItemProxy;
			containerPortal = AFB39B442189A6A600302624 /* Project object */;
			proxyType = 1;
			remoteGlobalIDString = AFB39B4B2189A6A600302624;
			remoteInfo = MobileToken;
		};
/* End PBXContainerItemProxy section */

/* Begin PBXFileReference section */
		057924BE219202CB00DFA69F /* TokenViewController.swift */ = {isa = PBXFileReference; fileEncoding = 4; lastKnownFileType = sourcecode.swift; path = TokenViewController.swift; sourceTree = "<group>"; };
		1D9306731899899C0CC5FB63 /* Pods-MobileToken.release.xcconfig */ = {isa = PBXFileReference; includeInIndex = 1; lastKnownFileType = text.xcconfig; name = "Pods-MobileToken.release.xcconfig"; path = "Pods/Target Support Files/Pods-MobileToken/Pods-MobileToken.release.xcconfig"; sourceTree = "<group>"; };
		2144BB2A3B47C8CD0710AC23 /* Pods-MobileTokenTests.release.xcconfig */ = {isa = PBXFileReference; includeInIndex = 1; lastKnownFileType = text.xcconfig; name = "Pods-MobileTokenTests.release.xcconfig"; path = "Pods/Target Support Files/Pods-MobileTokenTests/Pods-MobileTokenTests.release.xcconfig"; sourceTree = "<group>"; };
		6CB1C91E9D402BB91531CE29 /* Pods_MobileTokenTests.framework */ = {isa = PBXFileReference; explicitFileType = wrapper.framework; includeInIndex = 0; path = Pods_MobileTokenTests.framework; sourceTree = BUILT_PRODUCTS_DIR; };
		7920D509CD7A2AA91738710E /* Pods-MobileTokenUITests.release.xcconfig */ = {isa = PBXFileReference; includeInIndex = 1; lastKnownFileType = text.xcconfig; name = "Pods-MobileTokenUITests.release.xcconfig"; path = "Pods/Target Support Files/Pods-MobileTokenUITests/Pods-MobileTokenUITests.release.xcconfig"; sourceTree = "<group>"; };
		9707D645D1028E760402A760 /* Pods_MobileTokenUITests.framework */ = {isa = PBXFileReference; explicitFileType = wrapper.framework; includeInIndex = 0; path = Pods_MobileTokenUITests.framework; sourceTree = BUILT_PRODUCTS_DIR; };
		AC64C168219FF9F2007BA829 /* Registration.storyboard */ = {isa = PBXFileReference; lastKnownFileType = file.storyboard; path = Registration.storyboard; sourceTree = "<group>"; };
		AF246A7B21984A5500C44E4B /* Bank.swift */ = {isa = PBXFileReference; lastKnownFileType = sourcecode.swift; path = Bank.swift; sourceTree = "<group>"; };
		AF246A7D219852EA00C44E4B /* Card.swift */ = {isa = PBXFileReference; lastKnownFileType = sourcecode.swift; path = Card.swift; sourceTree = "<group>"; };
		AF246A812198687E00C44E4B /* CardTypeEnum.swift */ = {isa = PBXFileReference; fileEncoding = 4; lastKnownFileType = sourcecode.swift; path = CardTypeEnum.swift; sourceTree = "<group>"; };
		AF246A83219948F300C44E4B /* Token.swift */ = {isa = PBXFileReference; lastKnownFileType = sourcecode.swift; path = Token.swift; sourceTree = "<group>"; };
		AF246A852199762700C44E4B /* AuthenticationRepository.swift */ = {isa = PBXFileReference; lastKnownFileType = sourcecode.swift; path = AuthenticationRepository.swift; sourceTree = "<group>"; };
		AF246A8A21999AE400C44E4B /* UserRepository.swift */ = {isa = PBXFileReference; fileEncoding = 4; lastKnownFileType = sourcecode.swift; path = UserRepository.swift; sourceTree = "<group>"; };
		AF246A8B21999AE400C44E4B /* UserRestRepository.swift */ = {isa = PBXFileReference; fileEncoding = 4; lastKnownFileType = sourcecode.swift; path = UserRestRepository.swift; sourceTree = "<group>"; };
		AF246A8C21999AE400C44E4B /* UserRealmRepository.swift */ = {isa = PBXFileReference; fileEncoding = 4; lastKnownFileType = sourcecode.swift; path = UserRealmRepository.swift; sourceTree = "<group>"; };
		AF246A8D21999AE400C44E4B /* UserRepositoryProtocol.swift */ = {isa = PBXFileReference; fileEncoding = 4; lastKnownFileType = sourcecode.swift; path = UserRepositoryProtocol.swift; sourceTree = "<group>"; };
		AF246A932199A2CE00C44E4B /* ApiHelper.swift */ = {isa = PBXFileReference; fileEncoding = 4; lastKnownFileType = sourcecode.swift; path = ApiHelper.swift; sourceTree = "<group>"; };
		AF246A942199A2CE00C44E4B /* Interceptor.swift */ = {isa = PBXFileReference; fileEncoding = 4; lastKnownFileType = sourcecode.swift; path = Interceptor.swift; sourceTree = "<group>"; };
		AF246A972199A59100C44E4B /* JwtPersistable.swift */ = {isa = PBXFileReference; fileEncoding = 4; lastKnownFileType = sourcecode.swift; path = JwtPersistable.swift; sourceTree = "<group>"; };
		AF246A992199A5DA00C44E4B /* UserDefaultsJwtPersistor.swift */ = {isa = PBXFileReference; fileEncoding = 4; lastKnownFileType = sourcecode.swift; path = UserDefaultsJwtPersistor.swift; sourceTree = "<group>"; };
		AF246A9C219AA57B00C44E4B /* BankRepositoryProtocol.swift */ = {isa = PBXFileReference; lastKnownFileType = sourcecode.swift; path = BankRepositoryProtocol.swift; sourceTree = "<group>"; };
		AF246A9E219AAA1700C44E4B /* BankRealmRepository.swift */ = {isa = PBXFileReference; lastKnownFileType = sourcecode.swift; path = BankRealmRepository.swift; sourceTree = "<group>"; };
		AF246AA0219AB17F00C44E4B /* BankRepository.swift */ = {isa = PBXFileReference; lastKnownFileType = sourcecode.swift; path = BankRepository.swift; sourceTree = "<group>"; };
		AF246AA3219AB91700C44E4B /* CardRepositoryProtocol.swift */ = {isa = PBXFileReference; lastKnownFileType = sourcecode.swift; path = CardRepositoryProtocol.swift; sourceTree = "<group>"; };
		AF246AA5219ABBA400C44E4B /* CardRelmRepsitory.swift */ = {isa = PBXFileReference; lastKnownFileType = sourcecode.swift; path = CardRelmRepsitory.swift; sourceTree = "<group>"; };
		AF246AA7219ACAC600C44E4B /* CardRepository.swift */ = {isa = PBXFileReference; lastKnownFileType = sourcecode.swift; path = CardRepository.swift; sourceTree = "<group>"; };
		AF246AAA219ADC3300C44E4B /* TokenRepositoryProtocol.swift */ = {isa = PBXFileReference; lastKnownFileType = sourcecode.swift; path = TokenRepositoryProtocol.swift; sourceTree = "<group>"; };
		AF246AAC219ADCC000C44E4B /* TokenRealmRepository.swift */ = {isa = PBXFileReference; lastKnownFileType = sourcecode.swift; path = TokenRealmRepository.swift; sourceTree = "<group>"; };
		AF246AAE219AE0A500C44E4B /* TokenRepository.swift */ = {isa = PBXFileReference; lastKnownFileType = sourcecode.swift; path = TokenRepository.swift; sourceTree = "<group>"; };
		AF285FF1219C46E300D8C342 /* BankPagerViewAdapter.swift */ = {isa = PBXFileReference; lastKnownFileType = sourcecode.swift; path = BankPagerViewAdapter.swift; sourceTree = "<group>"; };
		AF285FF3219C498000D8C342 /* BankPagerViewCell.xib */ = {isa = PBXFileReference; lastKnownFileType = file.xib; path = BankPagerViewCell.xib; sourceTree = "<group>"; };
		AF285FF5219C4A3500D8C342 /* BankPagerViewCell.swift */ = {isa = PBXFileReference; lastKnownFileType = sourcecode.swift; path = BankPagerViewCell.swift; sourceTree = "<group>"; };
		AF285FF9219C52F700D8C342 /* PhoneInputViewController.swift */ = {isa = PBXFileReference; lastKnownFileType = sourcecode.swift; path = PhoneInputViewController.swift; sourceTree = "<group>"; };
		AF28600E219D7AFE00D8C342 /* IRANSansMobile-Bold.ttf */ = {isa = PBXFileReference; lastKnownFileType = file; name = "IRANSansMobile-Bold.ttf"; path = "MobileToken/assets/fonts/IRANSansMobile-Bold.ttf"; sourceTree = SOURCE_ROOT; };
		AF28600F219D7AFE00D8C342 /* IRANSansMobile-UltraLight.ttf */ = {isa = PBXFileReference; lastKnownFileType = file; name = "IRANSansMobile-UltraLight.ttf"; path = "MobileToken/assets/fonts/IRANSansMobile-UltraLight.ttf"; sourceTree = SOURCE_ROOT; };
		AF286010219D7AFE00D8C342 /* IRANSansMobile-Light.ttf */ = {isa = PBXFileReference; lastKnownFileType = file; name = "IRANSansMobile-Light.ttf"; path = "MobileToken/assets/fonts/IRANSansMobile-Light.ttf"; sourceTree = SOURCE_ROOT; };
		AF286011219D7AFE00D8C342 /* IRANSansMobile.ttf */ = {isa = PBXFileReference; lastKnownFileType = file; name = IRANSansMobile.ttf; path = MobileToken/assets/fonts/IRANSansMobile.ttf; sourceTree = SOURCE_ROOT; };
		AF286012219D7AFF00D8C342 /* IRANSansMobile-Medium.ttf */ = {isa = PBXFileReference; lastKnownFileType = file; name = "IRANSansMobile-Medium.ttf"; path = "MobileToken/assets/fonts/IRANSansMobile-Medium.ttf"; sourceTree = SOURCE_ROOT; };
		AF463BC82189DD4900DC8A3E /* RealmConfiguration.swift */ = {isa = PBXFileReference; lastKnownFileType = sourcecode.swift; path = RealmConfiguration.swift; sourceTree = "<group>"; };
		AF463BCD218AD11900DC8A3E /* User.swift */ = {isa = PBXFileReference; lastKnownFileType = sourcecode.swift; path = User.swift; sourceTree = "<group>"; };
		AF463BCF218ADD8200DC8A3E /* Authentication.swift */ = {isa = PBXFileReference; lastKnownFileType = sourcecode.swift; path = Authentication.swift; sourceTree = "<group>"; };
		AFAD22FC2190777500EC00CB /* AddPasswordViewDesignable.xib */ = {isa = PBXFileReference; lastKnownFileType = file.xib; path = AddPasswordViewDesignable.xib; sourceTree = "<group>"; };
		AFAD22FE21907B6300EC00CB /* AddPasswordViewDesignable.swift */ = {isa = PBXFileReference; lastKnownFileType = sourcecode.swift; path = AddPasswordViewDesignable.swift; sourceTree = "<group>"; };
		AFAD230121908A9600EC00CB /* R.generated.swift */ = {isa = PBXFileReference; fileEncoding = 4; lastKnownFileType = sourcecode.swift; path = R.generated.swift; sourceTree = SOURCE_ROOT; };
		AFAD23042190931D00EC00CB /* SelectBankViewDesignable.xib */ = {isa = PBXFileReference; lastKnownFileType = file.xib; path = SelectBankViewDesignable.xib; sourceTree = "<group>"; };
		AFAD23062190956900EC00CB /* SelectBankViewDesignable.swift */ = {isa = PBXFileReference; lastKnownFileType = sourcecode.swift; path = SelectBankViewDesignable.swift; sourceTree = "<group>"; };
		AFB39B4C2189A6A600302624 /* MobileToken.app */ = {isa = PBXFileReference; explicitFileType = wrapper.application; includeInIndex = 0; path = MobileToken.app; sourceTree = BUILT_PRODUCTS_DIR; };
		AFB39B4F2189A6A600302624 /* AppDelegate.swift */ = {isa = PBXFileReference; lastKnownFileType = sourcecode.swift; path = AppDelegate.swift; sourceTree = "<group>"; };
		AFB39B542189A6A600302624 /* Base */ = {isa = PBXFileReference; lastKnownFileType = file.storyboard; name = Base; path = Base.lproj/Main.storyboard; sourceTree = "<group>"; };
		AFB39B562189A6A700302624 /* Assets.xcassets */ = {isa = PBXFileReference; lastKnownFileType = folder.assetcatalog; path = Assets.xcassets; sourceTree = "<group>"; };
		AFB39B592189A6A700302624 /* Base */ = {isa = PBXFileReference; lastKnownFileType = file.storyboard; name = Base; path = Base.lproj/LaunchScreen.storyboard; sourceTree = "<group>"; };
		AFB39B5B2189A6A700302624 /* Info.plist */ = {isa = PBXFileReference; lastKnownFileType = text.plist.xml; path = Info.plist; sourceTree = "<group>"; };
		AFB39B602189A6A700302624 /* MobileTokenTests.xctest */ = {isa = PBXFileReference; explicitFileType = wrapper.cfbundle; includeInIndex = 0; path = MobileTokenTests.xctest; sourceTree = BUILT_PRODUCTS_DIR; };
		AFB39B642189A6A700302624 /* MobileTokenTests.swift */ = {isa = PBXFileReference; lastKnownFileType = sourcecode.swift; path = MobileTokenTests.swift; sourceTree = "<group>"; };
		AFB39B662189A6A700302624 /* Info.plist */ = {isa = PBXFileReference; lastKnownFileType = text.plist.xml; path = Info.plist; sourceTree = "<group>"; };
		AFB39B6B2189A6A700302624 /* MobileTokenUITests.xctest */ = {isa = PBXFileReference; explicitFileType = wrapper.cfbundle; includeInIndex = 0; path = MobileTokenUITests.xctest; sourceTree = BUILT_PRODUCTS_DIR; };
		AFB39B6F2189A6A700302624 /* MobileTokenUITests.swift */ = {isa = PBXFileReference; lastKnownFileType = sourcecode.swift; path = MobileTokenUITests.swift; sourceTree = "<group>"; };
		AFB39B712189A6A700302624 /* Info.plist */ = {isa = PBXFileReference; lastKnownFileType = text.plist.xml; path = Info.plist; sourceTree = "<group>"; };
		AFB9BB27218EE0D7004F16DD /* CardCell.xib */ = {isa = PBXFileReference; lastKnownFileType = file.xib; path = CardCell.xib; sourceTree = "<group>"; };
		AFB9BB29218EFB42004F16DD /* CardCellXibView.swift */ = {isa = PBXFileReference; lastKnownFileType = sourcecode.swift; path = CardCellXibView.swift; sourceTree = "<group>"; };
		AFBC2ADD21918E6400D37C84 /* CardPagerViewAdapter.swift */ = {isa = PBXFileReference; lastKnownFileType = sourcecode.swift; path = CardPagerViewAdapter.swift; sourceTree = "<group>"; };
		AFBC2ADF2191936F00D37C84 /* BankCardPagerViewCell.swift */ = {isa = PBXFileReference; fileEncoding = 4; lastKnownFileType = sourcecode.swift; path = BankCardPagerViewCell.swift; sourceTree = "<group>"; };
		AFBC2AE02191936F00D37C84 /* BankCardPagerViewCell.xib */ = {isa = PBXFileReference; fileEncoding = 4; lastKnownFileType = file.xib; path = BankCardPagerViewCell.xib; sourceTree = "<group>"; };
		AFBC2AE3219197B000D37C84 /* AddCardPagerViewCell.swift */ = {isa = PBXFileReference; fileEncoding = 4; lastKnownFileType = sourcecode.swift; path = AddCardPagerViewCell.swift; sourceTree = "<group>"; };
		AFBC2AE4219197B000D37C84 /* AddCardPagerViewCell.xib */ = {isa = PBXFileReference; fileEncoding = 4; lastKnownFileType = file.xib; path = AddCardPagerViewCell.xib; sourceTree = "<group>"; };
		AFE190E9219029D30023E785 /* OtpViewDesignable.xib */ = {isa = PBXFileReference; lastKnownFileType = file.xib; path = OtpViewDesignable.xib; sourceTree = "<group>"; };
		AFE190EB219049030023E785 /* OtpViewDesignable.swift */ = {isa = PBXFileReference; lastKnownFileType = sourcecode.swift; path = OtpViewDesignable.swift; sourceTree = "<group>"; };
		AFE81B092196CC6C00AA0AF2 /* AuthenticationDefinitionViewController.swift */ = {isa = PBXFileReference; lastKnownFileType = sourcecode.swift; path = AuthenticationDefinitionViewController.swift; sourceTree = "<group>"; };
		AFE81B0D2196CD6400AA0AF2 /* HideKeyboardWhenTappedAround.swift */ = {isa = PBXFileReference; lastKnownFileType = sourcecode.swift; path = HideKeyboardWhenTappedAround.swift; sourceTree = "<group>"; };
		AFE81B112196CE7F00AA0AF2 /* AuthenticationDefinitionPasswordViewController.swift */ = {isa = PBXFileReference; lastKnownFileType = sourcecode.swift; path = AuthenticationDefinitionPasswordViewController.swift; sourceTree = "<group>"; };
		AFE81B142196CF0500AA0AF2 /* AuthenticationDefinitionPatternViewController.swift */ = {isa = PBXFileReference; lastKnownFileType = sourcecode.swift; path = AuthenticationDefinitionPatternViewController.swift; sourceTree = "<group>"; };
		AFE81B172196D2AE00AA0AF2 /* PasswordValidator.swift */ = {isa = PBXFileReference; fileEncoding = 4; lastKnownFileType = sourcecode.swift; path = PasswordValidator.swift; sourceTree = "<group>"; };
		AFE81B192196D31600AA0AF2 /* UIColorHelper.swift */ = {isa = PBXFileReference; fileEncoding = 4; lastKnownFileType = sourcecode.swift; path = UIColorHelper.swift; sourceTree = "<group>"; };
		AFE81B1A2196D31700AA0AF2 /* SnackbarHelper.swift */ = {isa = PBXFileReference; fileEncoding = 4; lastKnownFileType = sourcecode.swift; path = SnackbarHelper.swift; sourceTree = "<group>"; };
		AFE81B1B2196D31700AA0AF2 /* UIHelper.swift */ = {isa = PBXFileReference; fileEncoding = 4; lastKnownFileType = sourcecode.swift; path = UIHelper.swift; sourceTree = "<group>"; };
		AFE81B202196D3CF00AA0AF2 /* Localized.swift */ = {isa = PBXFileReference; lastKnownFileType = sourcecode.swift; path = Localized.swift; sourceTree = "<group>"; };
		AFE81B232196D4E700AA0AF2 /* NetHex.swift */ = {isa = PBXFileReference; lastKnownFileType = sourcecode.swift; path = NetHex.swift; sourceTree = "<group>"; };
		AFE81B262196D7F200AA0AF2 /* PasswordHintTableViewCell.xib */ = {isa = PBXFileReference; fileEncoding = 4; lastKnownFileType = file.xib; path = PasswordHintTableViewCell.xib; sourceTree = "<group>"; };
		AFE81B272196D7F200AA0AF2 /* PasswordHintTableViewCell.swift */ = {isa = PBXFileReference; fileEncoding = 4; lastKnownFileType = sourcecode.swift; path = PasswordHintTableViewCell.swift; sourceTree = "<group>"; };
		AFE81B282196D7F200AA0AF2 /* PasswordHintTableAdapter.swift */ = {isa = PBXFileReference; fileEncoding = 4; lastKnownFileType = sourcecode.swift; path = PasswordHintTableAdapter.swift; sourceTree = "<group>"; };
		AFE81B2E2196DD2E00AA0AF2 /* AuthenticationRepositoryProtocol.swift */ = {isa = PBXFileReference; fileEncoding = 4; lastKnownFileType = sourcecode.swift; path = AuthenticationRepositoryProtocol.swift; sourceTree = "<group>"; };
		AFE81B2F2196DD2E00AA0AF2 /* AuthenticationRealmRepository.swift */ = {isa = PBXFileReference; fileEncoding = 4; lastKnownFileType = sourcecode.swift; path = AuthenticationRealmRepository.swift; sourceTree = "<group>"; };
		AFE81B332196E05900AA0AF2 /* RepositoryResponse.swift */ = {isa = PBXFileReference; fileEncoding = 4; lastKnownFileType = sourcecode.swift; path = RepositoryResponse.swift; sourceTree = "<group>"; };
		AFE81B342196E05900AA0AF2 /* Repository.swift */ = {isa = PBXFileReference; fileEncoding = 4; lastKnownFileType = sourcecode.swift; path = Repository.swift; sourceTree = "<group>"; };
		AFE81B382196E11900AA0AF2 /* UnsupportedOperationException.swift */ = {isa = PBXFileReference; fileEncoding = 4; lastKnownFileType = sourcecode.swift; path = UnsupportedOperationException.swift; sourceTree = "<group>"; };
		AFE81B392196E11A00AA0AF2 /* MalformedURLException.swift */ = {isa = PBXFileReference; fileEncoding = 4; lastKnownFileType = sourcecode.swift; path = MalformedURLException.swift; sourceTree = "<group>"; };
		AFE81B3A2196E11A00AA0AF2 /* EntityExistException.swift */ = {isa = PBXFileReference; fileEncoding = 4; lastKnownFileType = sourcecode.swift; path = EntityExistException.swift; sourceTree = "<group>"; };
		AFE81B3F2196EE3400AA0AF2 /* AuthenticationViewController.swift */ = {isa = PBXFileReference; lastKnownFileType = sourcecode.swift; path = AuthenticationViewController.swift; sourceTree = "<group>"; };
		AFE81B442196EEC100AA0AF2 /* AuthenticationPasswordViewController.swift */ = {isa = PBXFileReference; lastKnownFileType = sourcecode.swift; path = AuthenticationPasswordViewController.swift; sourceTree = "<group>"; };
		AFE81B462196EF0C00AA0AF2 /* AuthenticationPatternViewController.swift */ = {isa = PBXFileReference; lastKnownFileType = sourcecode.swift; path = AuthenticationPatternViewController.swift; sourceTree = "<group>"; };
		AFE81B4A2196FA3400AA0AF2 /* Localizable.strings */ = {isa = PBXFileReference; lastKnownFileType = text.plist.strings; path = Localizable.strings; sourceTree = "<group>"; };
		E8A2288F27762FE7AA71A63C /* Pods-MobileTokenUITests.debug.xcconfig */ = {isa = PBXFileReference; includeInIndex = 1; lastKnownFileType = text.xcconfig; name = "Pods-MobileTokenUITests.debug.xcconfig"; path = "Pods/Target Support Files/Pods-MobileTokenUITests/Pods-MobileTokenUITests.debug.xcconfig"; sourceTree = "<group>"; };
		EA1FA22EE60EF74C815B714D /* Pods_MobileToken.framework */ = {isa = PBXFileReference; explicitFileType = wrapper.framework; includeInIndex = 0; path = Pods_MobileToken.framework; sourceTree = BUILT_PRODUCTS_DIR; };
		ED130E855374C06F3DA0E42E /* Pods-MobileTokenTests.debug.xcconfig */ = {isa = PBXFileReference; includeInIndex = 1; lastKnownFileType = text.xcconfig; name = "Pods-MobileTokenTests.debug.xcconfig"; path = "Pods/Target Support Files/Pods-MobileTokenTests/Pods-MobileTokenTests.debug.xcconfig"; sourceTree = "<group>"; };
		F7F43FE380B1AFF618024899 /* Pods-MobileToken.debug.xcconfig */ = {isa = PBXFileReference; includeInIndex = 1; lastKnownFileType = text.xcconfig; name = "Pods-MobileToken.debug.xcconfig"; path = "Pods/Target Support Files/Pods-MobileToken/Pods-MobileToken.debug.xcconfig"; sourceTree = "<group>"; };
/* End PBXFileReference section */

/* Begin PBXFrameworksBuildPhase section */
		AFB39B492189A6A600302624 /* Frameworks */ = {
			isa = PBXFrameworksBuildPhase;
			buildActionMask = 2147483647;
			files = (
				0958FAA06B5F86A1291CA950 /* Pods_MobileToken.framework in Frameworks */,
			);
			runOnlyForDeploymentPostprocessing = 0;
		};
		AFB39B5D2189A6A700302624 /* Frameworks */ = {
			isa = PBXFrameworksBuildPhase;
			buildActionMask = 2147483647;
			files = (
				3708BCAB95C68AC03F840EBC /* Pods_MobileTokenTests.framework in Frameworks */,
			);
			runOnlyForDeploymentPostprocessing = 0;
		};
		AFB39B682189A6A700302624 /* Frameworks */ = {
			isa = PBXFrameworksBuildPhase;
			buildActionMask = 2147483647;
			files = (
				1CB2330220A217A8F296F2FE /* Pods_MobileTokenUITests.framework in Frameworks */,
			);
			runOnlyForDeploymentPostprocessing = 0;
		};
/* End PBXFrameworksBuildPhase section */

/* Begin PBXGroup section */
		510385C2178795F3E0C5F799 /* Pods */ = {
			isa = PBXGroup;
			children = (
				F7F43FE380B1AFF618024899 /* Pods-MobileToken.debug.xcconfig */,
				1D9306731899899C0CC5FB63 /* Pods-MobileToken.release.xcconfig */,
				ED130E855374C06F3DA0E42E /* Pods-MobileTokenTests.debug.xcconfig */,
				2144BB2A3B47C8CD0710AC23 /* Pods-MobileTokenTests.release.xcconfig */,
				E8A2288F27762FE7AA71A63C /* Pods-MobileTokenUITests.debug.xcconfig */,
				7920D509CD7A2AA91738710E /* Pods-MobileTokenUITests.release.xcconfig */,
			);
			name = Pods;
			sourceTree = "<group>";
		};
		A0846E286139B9158EA3297A /* Frameworks */ = {
			isa = PBXGroup;
			children = (
				EA1FA22EE60EF74C815B714D /* Pods_MobileToken.framework */,
				6CB1C91E9D402BB91531CE29 /* Pods_MobileTokenTests.framework */,
				9707D645D1028E760402A760 /* Pods_MobileTokenUITests.framework */,
			);
			name = Frameworks;
			sourceTree = "<group>";
		};
		AF246A8921999AB700C44E4B /* user */ = {
			isa = PBXGroup;
			children = (
				AF246A8C21999AE400C44E4B /* UserRealmRepository.swift */,
				AF246A8A21999AE400C44E4B /* UserRepository.swift */,
				AF246A8D21999AE400C44E4B /* UserRepositoryProtocol.swift */,
				AF246A8B21999AE400C44E4B /* UserRestRepository.swift */,
			);
			path = user;
			sourceTree = "<group>";
		};
		AF246A922199A2A700C44E4B /* network */ = {
			isa = PBXGroup;
			children = (
				AF246A932199A2CE00C44E4B /* ApiHelper.swift */,
				AF246A942199A2CE00C44E4B /* Interceptor.swift */,
			);
			path = network;
			sourceTree = "<group>";
		};
		AF246A9B219AA53600C44E4B /* bank */ = {
			isa = PBXGroup;
			children = (
				AF246A9C219AA57B00C44E4B /* BankRepositoryProtocol.swift */,
				AF246A9E219AAA1700C44E4B /* BankRealmRepository.swift */,
				AF246AA0219AB17F00C44E4B /* BankRepository.swift */,
			);
			path = bank;
			sourceTree = "<group>";
		};
		AF246AA2219AB8CE00C44E4B /* card */ = {
			isa = PBXGroup;
			children = (
				AF246AA3219AB91700C44E4B /* CardRepositoryProtocol.swift */,
				AF246AA5219ABBA400C44E4B /* CardRelmRepsitory.swift */,
				AF246AA7219ACAC600C44E4B /* CardRepository.swift */,
			);
			path = card;
			sourceTree = "<group>";
		};
		AF246AA9219ADC0E00C44E4B /* token */ = {
			isa = PBXGroup;
			children = (
				AF246AAA219ADC3300C44E4B /* TokenRepositoryProtocol.swift */,
				AF246AAC219ADCC000C44E4B /* TokenRealmRepository.swift */,
				AF246AAE219AE0A500C44E4B /* TokenRepository.swift */,
			);
			path = token;
			sourceTree = "<group>";
		};
		AF285FEF219C42B500D8C342 /* registration */ = {
			isa = PBXGroup;
			children = (
				AF285FF0219C42D600D8C342 /* phoneinput */,
				AFE81B082196CC2D00AA0AF2 /* loginmethod */,
				AFE81B3E2196EE1300AA0AF2 /* authentication */,
			);
			path = registration;
			sourceTree = "<group>";
		};
		AF285FF0219C42D600D8C342 /* phoneinput */ = {
			isa = PBXGroup;
			children = (
				AF285FF1219C46E300D8C342 /* BankPagerViewAdapter.swift */,
				AF285FF3219C498000D8C342 /* BankPagerViewCell.xib */,
				AF285FF5219C4A3500D8C342 /* BankPagerViewCell.swift */,
				AF285FF9219C52F700D8C342 /* PhoneInputViewController.swift */,
			);
			path = phoneinput;
			sourceTree = "<group>";
		};
		AF28600D219D7ADD00D8C342 /* fonts */ = {
			isa = PBXGroup;
			children = (
				AF28600E219D7AFE00D8C342 /* IRANSansMobile-Bold.ttf */,
				AF286010219D7AFE00D8C342 /* IRANSansMobile-Light.ttf */,
				AF286012219D7AFF00D8C342 /* IRANSansMobile-Medium.ttf */,
				AF28600F219D7AFE00D8C342 /* IRANSansMobile-UltraLight.ttf */,
				AF286011219D7AFE00D8C342 /* IRANSansMobile.ttf */,
			);
			name = fonts;
			path = "New Group";
			sourceTree = "<group>";
		};
		AF463BC22189D8CF00DC8A3E /* data */ = {
			isa = PBXGroup;
			children = (
				AF463BC62189DD1500DC8A3E /* repository */,
				AF463BC52189DD0B00DC8A3E /* model */,
			);
			path = data;
			sourceTree = "<group>";
		};
		AF463BC32189D8DF00DC8A3E /* ui */ = {
			isa = PBXGroup;
			children = (
				AF285FEF219C42B500D8C342 /* registration */,
				AFBC2ADC21918E3000D37C84 /* cardlist */,
				AF463BC42189D8EC00DC8A3E /* main */,
			);
			path = ui;
			sourceTree = "<group>";
		};
		AF463BC42189D8EC00DC8A3E /* main */ = {
			isa = PBXGroup;
			children = (
				AFB39B4F2189A6A600302624 /* AppDelegate.swift */,
			);
			path = main;
			sourceTree = "<group>";
		};
		AF463BC52189DD0B00DC8A3E /* model */ = {
			isa = PBXGroup;
			children = (
				AF246A812198687E00C44E4B /* CardTypeEnum.swift */,
				AF463BCD218AD11900DC8A3E /* User.swift */,
				AF463BCF218ADD8200DC8A3E /* Authentication.swift */,
				AF246A7B21984A5500C44E4B /* Bank.swift */,
				AF246A7D219852EA00C44E4B /* Card.swift */,
				AF246A83219948F300C44E4B /* Token.swift */,
			);
			path = model;
			sourceTree = "<group>";
		};
		AF463BC62189DD1500DC8A3E /* repository */ = {
			isa = PBXGroup;
			children = (
				AF246AA9219ADC0E00C44E4B /* token */,
				AF246AA2219AB8CE00C44E4B /* card */,
				AF246A9B219AA53600C44E4B /* bank */,
				AF246A8921999AB700C44E4B /* user */,
				AFE81B322196E00700AA0AF2 /* base */,
				AFE81B2D2196DD1300AA0AF2 /* authentication */,
				AF463BC72189DD2300DC8A3E /* configuration */,
			);
			path = repository;
			sourceTree = "<group>";
		};
		AF463BC72189DD2300DC8A3E /* configuration */ = {
			isa = PBXGroup;
			children = (
				AF463BC82189DD4900DC8A3E /* RealmConfiguration.swift */,
			);
			path = configuration;
			sourceTree = "<group>";
		};
		AF463BCA2189E4E900DC8A3E /* view */ = {
			isa = PBXGroup;
			children = (
				AFB9BB26218EE0AB004F16DD /* nibs */,
				AFB9BB25218ED9BD004F16DD /* basic */,
				AC64C168219FF9F2007BA829 /* Registration.storyboard */,
			);
			path = view;
			sourceTree = "<group>";
		};
		AF463BCC2189E5F200DC8A3E /* assets */ = {
			isa = PBXGroup;
			children = (
				AF28600D219D7ADD00D8C342 /* fonts */,
				AFB39B562189A6A700302624 /* Assets.xcassets */,
			);
			path = assets;
			sourceTree = "<group>";
		};
		AFAD22FB2190774200EC00CB /* addpassword */ = {
			isa = PBXGroup;
			children = (
				AFAD22FC2190777500EC00CB /* AddPasswordViewDesignable.xib */,
				AFAD22FE21907B6300EC00CB /* AddPasswordViewDesignable.swift */,
			);
			path = addpassword;
			sourceTree = "<group>";
		};
		AFAD2303219092EA00EC00CB /* selectbank */ = {
			isa = PBXGroup;
			children = (
				AFAD23042190931D00EC00CB /* SelectBankViewDesignable.xib */,
				AFAD23062190956900EC00CB /* SelectBankViewDesignable.swift */,
			);
			path = selectbank;
			sourceTree = "<group>";
		};
		AFB39B432189A6A600302624 = {
			isa = PBXGroup;
			children = (
				AFB39B4E2189A6A600302624 /* MobileToken */,
				AFB39B632189A6A700302624 /* MobileTokenTests */,
				AFB39B6E2189A6A700302624 /* MobileTokenUITests */,
				AFB39B4D2189A6A600302624 /* Products */,
				510385C2178795F3E0C5F799 /* Pods */,
				A0846E286139B9158EA3297A /* Frameworks */,
			);
			sourceTree = "<group>";
		};
		AFB39B4D2189A6A600302624 /* Products */ = {
			isa = PBXGroup;
			children = (
				AFB39B4C2189A6A600302624 /* MobileToken.app */,
				AFB39B602189A6A700302624 /* MobileTokenTests.xctest */,
				AFB39B6B2189A6A700302624 /* MobileTokenUITests.xctest */,
			);
			name = Products;
			sourceTree = "<group>";
		};
		AFB39B4E2189A6A600302624 /* MobileToken */ = {
			isa = PBXGroup;
			children = (
				AF246A922199A2A700C44E4B /* network */,
				AFE81B372196E10500AA0AF2 /* error */,
				AFE81B162196D26C00AA0AF2 /* util */,
				AFE81B0B2196CCDA00AA0AF2 /* extentions */,
				AF463BCC2189E5F200DC8A3E /* assets */,
				AF463BCA2189E4E900DC8A3E /* view */,
				AF463BC32189D8DF00DC8A3E /* ui */,
				AF463BC22189D8CF00DC8A3E /* data */,
				AFB39B5B2189A6A700302624 /* Info.plist */,
				AFAD230121908A9600EC00CB /* R.generated.swift */,
				AFE81B4A2196FA3400AA0AF2 /* Localizable.strings */,
			);
			path = MobileToken;
			sourceTree = "<group>";
		};
		AFB39B632189A6A700302624 /* MobileTokenTests */ = {
			isa = PBXGroup;
			children = (
				AFB39B642189A6A700302624 /* MobileTokenTests.swift */,
				AFB39B662189A6A700302624 /* Info.plist */,
			);
			path = MobileTokenTests;
			sourceTree = "<group>";
		};
		AFB39B6E2189A6A700302624 /* MobileTokenUITests */ = {
			isa = PBXGroup;
			children = (
				AFB39B6F2189A6A700302624 /* MobileTokenUITests.swift */,
				AFB39B712189A6A700302624 /* Info.plist */,
			);
			path = MobileTokenUITests;
			sourceTree = "<group>";
		};
		AFB9BB25218ED9BD004F16DD /* basic */ = {
			isa = PBXGroup;
			children = (
				AFB39B582189A6A700302624 /* LaunchScreen.storyboard */,
				AFB39B532189A6A600302624 /* Main.storyboard */,
			);
			path = basic;
			sourceTree = "<group>";
		};
		AFB9BB26218EE0AB004F16DD /* nibs */ = {
			isa = PBXGroup;
			children = (
				AFAD2303219092EA00EC00CB /* selectbank */,
				AFAD22FB2190774200EC00CB /* addpassword */,
				AFE190E82190296D0023E785 /* otp */,
				AFE190E7219029430023E785 /* card */,
			);
			path = nibs;
			sourceTree = "<group>";
		};
		AFBC2ADC21918E3000D37C84 /* cardlist */ = {
			isa = PBXGroup;
			children = (
				057924BE219202CB00DFA69F /* TokenViewController.swift */,
				AFBC2AE3219197B000D37C84 /* AddCardPagerViewCell.swift */,
				AFBC2AE4219197B000D37C84 /* AddCardPagerViewCell.xib */,
				AFBC2ADF2191936F00D37C84 /* BankCardPagerViewCell.swift */,
				AFBC2AE02191936F00D37C84 /* BankCardPagerViewCell.xib */,
				AFBC2ADD21918E6400D37C84 /* CardPagerViewAdapter.swift */,
			);
			path = cardlist;
			sourceTree = "<group>";
		};
		AFE190E7219029430023E785 /* card */ = {
			isa = PBXGroup;
			children = (
				AFB9BB27218EE0D7004F16DD /* CardCell.xib */,
				AFB9BB29218EFB42004F16DD /* CardCellXibView.swift */,
			);
			path = card;
			sourceTree = "<group>";
		};
		AFE190E82190296D0023E785 /* otp */ = {
			isa = PBXGroup;
			children = (
				AFE190E9219029D30023E785 /* OtpViewDesignable.xib */,
				AFE190EB219049030023E785 /* OtpViewDesignable.swift */,
			);
			path = otp;
			sourceTree = "<group>";
		};
		AFE81B082196CC2D00AA0AF2 /* loginmethod */ = {
			isa = PBXGroup;
			children = (
				AFE81B132196CEEC00AA0AF2 /* pattern */,
				AFE81B102196CE6000AA0AF2 /* password */,
				AFE81B0F2196CE5500AA0AF2 /* basic */,
			);
			path = loginmethod;
			sourceTree = "<group>";
		};
		AFE81B0B2196CCDA00AA0AF2 /* extentions */ = {
			isa = PBXGroup;
			children = (
				AFE81B222196D4D400AA0AF2 /* uicolor */,
				AFE81B1F2196D3BA00AA0AF2 /* string */,
				AFE81B0C2196CD1600AA0AF2 /* UIViewController */,
			);
			path = extentions;
			sourceTree = "<group>";
		};
		AFE81B0C2196CD1600AA0AF2 /* UIViewController */ = {
			isa = PBXGroup;
			children = (
				AFE81B0D2196CD6400AA0AF2 /* HideKeyboardWhenTappedAround.swift */,
			);
			path = UIViewController;
			sourceTree = "<group>";
		};
		AFE81B0F2196CE5500AA0AF2 /* basic */ = {
			isa = PBXGroup;
			children = (
				AFE81B092196CC6C00AA0AF2 /* AuthenticationDefinitionViewController.swift */,
			);
			path = basic;
			sourceTree = "<group>";
		};
		AFE81B102196CE6000AA0AF2 /* password */ = {
			isa = PBXGroup;
			children = (
				AFE81B2C2196D7F900AA0AF2 /* basic */,
				AFE81B252196D7D100AA0AF2 /* passwordhint */,
			);
			path = password;
			sourceTree = "<group>";
		};
		AFE81B132196CEEC00AA0AF2 /* pattern */ = {
			isa = PBXGroup;
			children = (
				AFE81B142196CF0500AA0AF2 /* AuthenticationDefinitionPatternViewController.swift */,
			);
			path = pattern;
			sourceTree = "<group>";
		};
		AFE81B162196D26C00AA0AF2 /* util */ = {
			isa = PBXGroup;
			children = (
				AF246A992199A5DA00C44E4B /* UserDefaultsJwtPersistor.swift */,
				AF246A972199A59100C44E4B /* JwtPersistable.swift */,
				AFE81B1A2196D31700AA0AF2 /* SnackbarHelper.swift */,
				AFE81B192196D31600AA0AF2 /* UIColorHelper.swift */,
				AFE81B1B2196D31700AA0AF2 /* UIHelper.swift */,
				AFE81B172196D2AE00AA0AF2 /* PasswordValidator.swift */,
			);
			path = util;
			sourceTree = "<group>";
		};
		AFE81B1F2196D3BA00AA0AF2 /* string */ = {
			isa = PBXGroup;
			children = (
				AFE81B202196D3CF00AA0AF2 /* Localized.swift */,
			);
			path = string;
			sourceTree = "<group>";
		};
		AFE81B222196D4D400AA0AF2 /* uicolor */ = {
			isa = PBXGroup;
			children = (
				AFE81B232196D4E700AA0AF2 /* NetHex.swift */,
			);
			path = uicolor;
			sourceTree = "<group>";
		};
		AFE81B252196D7D100AA0AF2 /* passwordhint */ = {
			isa = PBXGroup;
			children = (
				AFE81B282196D7F200AA0AF2 /* PasswordHintTableAdapter.swift */,
				AFE81B272196D7F200AA0AF2 /* PasswordHintTableViewCell.swift */,
				AFE81B262196D7F200AA0AF2 /* PasswordHintTableViewCell.xib */,
			);
			path = passwordhint;
			sourceTree = "<group>";
		};
		AFE81B2C2196D7F900AA0AF2 /* basic */ = {
			isa = PBXGroup;
			children = (
				AFE81B112196CE7F00AA0AF2 /* AuthenticationDefinitionPasswordViewController.swift */,
			);
			path = basic;
			sourceTree = "<group>";
		};
		AFE81B2D2196DD1300AA0AF2 /* authentication */ = {
			isa = PBXGroup;
			children = (
				AFE81B2F2196DD2E00AA0AF2 /* AuthenticationRealmRepository.swift */,
				AFE81B2E2196DD2E00AA0AF2 /* AuthenticationRepositoryProtocol.swift */,
				AF246A852199762700C44E4B /* AuthenticationRepository.swift */,
			);
			path = authentication;
			sourceTree = "<group>";
		};
		AFE81B322196E00700AA0AF2 /* base */ = {
			isa = PBXGroup;
			children = (
				AFE81B342196E05900AA0AF2 /* Repository.swift */,
				AFE81B332196E05900AA0AF2 /* RepositoryResponse.swift */,
			);
			path = base;
			sourceTree = "<group>";
		};
		AFE81B372196E10500AA0AF2 /* error */ = {
			isa = PBXGroup;
			children = (
				AFE81B3A2196E11A00AA0AF2 /* EntityExistException.swift */,
				AFE81B392196E11A00AA0AF2 /* MalformedURLException.swift */,
				AFE81B382196E11900AA0AF2 /* UnsupportedOperationException.swift */,
			);
			path = error;
			sourceTree = "<group>";
		};
		AFE81B3E2196EE1300AA0AF2 /* authentication */ = {
			isa = PBXGroup;
			children = (
				AFE81B432196EE5A00AA0AF2 /* pattern */,
				AFE81B422196EE5200AA0AF2 /* password */,
				AFE81B412196EE4400AA0AF2 /* basic */,
			);
			path = authentication;
			sourceTree = "<group>";
		};
		AFE81B412196EE4400AA0AF2 /* basic */ = {
			isa = PBXGroup;
			children = (
				AFE81B3F2196EE3400AA0AF2 /* AuthenticationViewController.swift */,
			);
			path = basic;
			sourceTree = "<group>";
		};
		AFE81B422196EE5200AA0AF2 /* password */ = {
			isa = PBXGroup;
			children = (
				AFE81B442196EEC100AA0AF2 /* AuthenticationPasswordViewController.swift */,
			);
			path = password;
			sourceTree = "<group>";
		};
		AFE81B432196EE5A00AA0AF2 /* pattern */ = {
			isa = PBXGroup;
			children = (
				AFE81B462196EF0C00AA0AF2 /* AuthenticationPatternViewController.swift */,
			);
			path = pattern;
			sourceTree = "<group>";
		};
/* End PBXGroup section */

/* Begin PBXNativeTarget section */
		AFB39B4B2189A6A600302624 /* MobileToken */ = {
			isa = PBXNativeTarget;
			buildConfigurationList = AFB39B742189A6A700302624 /* Build configuration list for PBXNativeTarget "MobileToken" */;
			buildPhases = (
				C71206364838EA0D4F9F171E /* [CP] Check Pods Manifest.lock */,
				AFAD23002190896C00EC00CB /* ShellScript */,
				AFB39B482189A6A600302624 /* Sources */,
				AFB39B492189A6A600302624 /* Frameworks */,
				AFB39B4A2189A6A600302624 /* Resources */,
				42661D200674783256C627B2 /* [CP] Embed Pods Frameworks */,
			);
			buildRules = (
			);
			dependencies = (
			);
			name = MobileToken;
			productName = MobileToken;
			productReference = AFB39B4C2189A6A600302624 /* MobileToken.app */;
			productType = "com.apple.product-type.application";
		};
		AFB39B5F2189A6A700302624 /* MobileTokenTests */ = {
			isa = PBXNativeTarget;
			buildConfigurationList = AFB39B772189A6A700302624 /* Build configuration list for PBXNativeTarget "MobileTokenTests" */;
			buildPhases = (
				ACE9AACB4A470CA74FFC1A53 /* [CP] Check Pods Manifest.lock */,
				AFB39B5C2189A6A700302624 /* Sources */,
				AFB39B5D2189A6A700302624 /* Frameworks */,
				AFB39B5E2189A6A700302624 /* Resources */,
			);
			buildRules = (
			);
			dependencies = (
				AFB39B622189A6A700302624 /* PBXTargetDependency */,
			);
			name = MobileTokenTests;
			productName = MobileTokenTests;
			productReference = AFB39B602189A6A700302624 /* MobileTokenTests.xctest */;
			productType = "com.apple.product-type.bundle.unit-test";
		};
		AFB39B6A2189A6A700302624 /* MobileTokenUITests */ = {
			isa = PBXNativeTarget;
			buildConfigurationList = AFB39B7A2189A6A700302624 /* Build configuration list for PBXNativeTarget "MobileTokenUITests" */;
			buildPhases = (
				3309101400A58F91E12D440A /* [CP] Check Pods Manifest.lock */,
				AFB39B672189A6A700302624 /* Sources */,
				AFB39B682189A6A700302624 /* Frameworks */,
				AFB39B692189A6A700302624 /* Resources */,
			);
			buildRules = (
			);
			dependencies = (
				AFB39B6D2189A6A700302624 /* PBXTargetDependency */,
			);
			name = MobileTokenUITests;
			productName = MobileTokenUITests;
			productReference = AFB39B6B2189A6A700302624 /* MobileTokenUITests.xctest */;
			productType = "com.apple.product-type.bundle.ui-testing";
		};
/* End PBXNativeTarget section */

/* Begin PBXProject section */
		AFB39B442189A6A600302624 /* Project object */ = {
			isa = PBXProject;
			attributes = {
				LastSwiftUpdateCheck = 1000;
				LastUpgradeCheck = 1000;
				ORGANIZATIONNAME = ba24.ir;
				TargetAttributes = {
					AFB39B4B2189A6A600302624 = {
						CreatedOnToolsVersion = 10.0;
					};
					AFB39B5F2189A6A700302624 = {
						CreatedOnToolsVersion = 10.0;
						TestTargetID = AFB39B4B2189A6A600302624;
					};
					AFB39B6A2189A6A700302624 = {
						CreatedOnToolsVersion = 10.0;
						TestTargetID = AFB39B4B2189A6A600302624;
					};
				};
			};
			buildConfigurationList = AFB39B472189A6A600302624 /* Build configuration list for PBXProject "MobileToken" */;
			compatibilityVersion = "Xcode 9.3";
			developmentRegion = en;
			hasScannedForEncodings = 0;
			knownRegions = (
				en,
				Base,
			);
			mainGroup = AFB39B432189A6A600302624;
			productRefGroup = AFB39B4D2189A6A600302624 /* Products */;
			projectDirPath = "";
			projectRoot = "";
			targets = (
				AFB39B4B2189A6A600302624 /* MobileToken */,
				AFB39B5F2189A6A700302624 /* MobileTokenTests */,
				AFB39B6A2189A6A700302624 /* MobileTokenUITests */,
			);
		};
/* End PBXProject section */

/* Begin PBXResourcesBuildPhase section */
		AFB39B4A2189A6A600302624 /* Resources */ = {
			isa = PBXResourcesBuildPhase;
			buildActionMask = 2147483647;
			files = (
				AFB39B5A2189A6A700302624 /* LaunchScreen.storyboard in Resources */,
				AFBC2AE22191936F00D37C84 /* BankCardPagerViewCell.xib in Resources */,
				AF286014219D7B0700D8C342 /* IRANSansMobile-Light.ttf in Resources */,
				AFE190EA219029D30023E785 /* OtpViewDesignable.xib in Resources */,
				AFB39B572189A6A700302624 /* Assets.xcassets in Resources */,
				AF286017219D7B1000D8C342 /* IRANSansMobile.ttf in Resources */,
				AFBC2AE6219197B000D37C84 /* AddCardPagerViewCell.xib in Resources */,
				AFAD23052190931D00EC00CB /* SelectBankViewDesignable.xib in Resources */,
				AFE81B292196D7F200AA0AF2 /* PasswordHintTableViewCell.xib in Resources */,
				AF285FF4219C498000D8C342 /* BankPagerViewCell.xib in Resources */,
				AF286016219D7B0D00D8C342 /* IRANSansMobile-UltraLight.ttf in Resources */,
				AC64C169219FF9F2007BA829 /* Registration.storyboard in Resources */,
				AFAD22FD2190777500EC00CB /* AddPasswordViewDesignable.xib in Resources */,
				AF286015219D7B0A00D8C342 /* IRANSansMobile-Medium.ttf in Resources */,
				AFB39B552189A6A600302624 /* Main.storyboard in Resources */,
				AF286013219D7B0400D8C342 /* IRANSansMobile-Bold.ttf in Resources */,
				AFB9BB28218EE0D7004F16DD /* CardCell.xib in Resources */,
			);
			runOnlyForDeploymentPostprocessing = 0;
		};
		AFB39B5E2189A6A700302624 /* Resources */ = {
			isa = PBXResourcesBuildPhase;
			buildActionMask = 2147483647;
			files = (
			);
			runOnlyForDeploymentPostprocessing = 0;
		};
		AFB39B692189A6A700302624 /* Resources */ = {
			isa = PBXResourcesBuildPhase;
			buildActionMask = 2147483647;
			files = (
			);
			runOnlyForDeploymentPostprocessing = 0;
		};
/* End PBXResourcesBuildPhase section */

/* Begin PBXShellScriptBuildPhase section */
		3309101400A58F91E12D440A /* [CP] Check Pods Manifest.lock */ = {
			isa = PBXShellScriptBuildPhase;
			buildActionMask = 2147483647;
			files = (
			);
			inputPaths = (
				"${PODS_PODFILE_DIR_PATH}/Podfile.lock",
				"${PODS_ROOT}/Manifest.lock",
			);
			name = "[CP] Check Pods Manifest.lock";
			outputPaths = (
				"$(DERIVED_FILE_DIR)/Pods-MobileTokenUITests-checkManifestLockResult.txt",
			);
			runOnlyForDeploymentPostprocessing = 0;
			shellPath = /bin/sh;
			shellScript = "diff \"${PODS_PODFILE_DIR_PATH}/Podfile.lock\" \"${PODS_ROOT}/Manifest.lock\" > /dev/null\nif [ $? != 0 ] ; then\n    # print error to STDERR\n    echo \"error: The sandbox is not in sync with the Podfile.lock. Run 'pod install' or update your CocoaPods installation.\" >&2\n    exit 1\nfi\n# This output is used by Xcode 'outputs' to avoid re-running this script phase.\necho \"SUCCESS\" > \"${SCRIPT_OUTPUT_FILE_0}\"\n";
			showEnvVarsInLog = 0;
		};
		42661D200674783256C627B2 /* [CP] Embed Pods Frameworks */ = {
			isa = PBXShellScriptBuildPhase;
			buildActionMask = 2147483647;
			files = (
			);
			inputPaths = (
				"${SRCROOT}/Pods/Target Support Files/Pods-MobileToken/Pods-MobileToken-frameworks.sh",
				"${BUILT_PRODUCTS_DIR}/AMPopTip/AMPopTip.framework",
				"${BUILT_PRODUCTS_DIR}/Alamofire/Alamofire.framework",
				"${BUILT_PRODUCTS_DIR}/AlamofireObjectMapper/AlamofireObjectMapper.framework",
				"${BUILT_PRODUCTS_DIR}/CountryPickerView/CountryPickerView.framework",
				"${BUILT_PRODUCTS_DIR}/CryptoSwift/CryptoSwift.framework",
				"${BUILT_PRODUCTS_DIR}/DeviceKit/DeviceKit.framework",
				"${BUILT_PRODUCTS_DIR}/DropDown/DropDown.framework",
				"${BUILT_PRODUCTS_DIR}/FSPagerView/FSPagerView.framework",
				"${BUILT_PRODUCTS_DIR}/HUIPatternLockView-Swift/HUIPatternLockView_Swift.framework",
				"${BUILT_PRODUCTS_DIR}/ObjectMapper/ObjectMapper.framework",
				"${BUILT_PRODUCTS_DIR}/ObjectMapper+Realm/ObjectMapper_Realm.framework",
				"${BUILT_PRODUCTS_DIR}/PasswordTextField/PasswordTextField.framework",
				"${BUILT_PRODUCTS_DIR}/R.swift.Library/Rswift.framework",
				"${BUILT_PRODUCTS_DIR}/Realm/Realm.framework",
				"${BUILT_PRODUCTS_DIR}/RealmSwift/RealmSwift.framework",
				"${BUILT_PRODUCTS_DIR}/TTGSnackbar/TTGSnackbar.framework",
			);
			name = "[CP] Embed Pods Frameworks";
			outputPaths = (
				"${TARGET_BUILD_DIR}/${FRAMEWORKS_FOLDER_PATH}/AMPopTip.framework",
				"${TARGET_BUILD_DIR}/${FRAMEWORKS_FOLDER_PATH}/Alamofire.framework",
				"${TARGET_BUILD_DIR}/${FRAMEWORKS_FOLDER_PATH}/AlamofireObjectMapper.framework",
				"${TARGET_BUILD_DIR}/${FRAMEWORKS_FOLDER_PATH}/CountryPickerView.framework",
				"${TARGET_BUILD_DIR}/${FRAMEWORKS_FOLDER_PATH}/CryptoSwift.framework",
				"${TARGET_BUILD_DIR}/${FRAMEWORKS_FOLDER_PATH}/DeviceKit.framework",
				"${TARGET_BUILD_DIR}/${FRAMEWORKS_FOLDER_PATH}/DropDown.framework",
				"${TARGET_BUILD_DIR}/${FRAMEWORKS_FOLDER_PATH}/FSPagerView.framework",
				"${TARGET_BUILD_DIR}/${FRAMEWORKS_FOLDER_PATH}/HUIPatternLockView_Swift.framework",
				"${TARGET_BUILD_DIR}/${FRAMEWORKS_FOLDER_PATH}/ObjectMapper.framework",
				"${TARGET_BUILD_DIR}/${FRAMEWORKS_FOLDER_PATH}/ObjectMapper_Realm.framework",
				"${TARGET_BUILD_DIR}/${FRAMEWORKS_FOLDER_PATH}/PasswordTextField.framework",
				"${TARGET_BUILD_DIR}/${FRAMEWORKS_FOLDER_PATH}/Rswift.framework",
				"${TARGET_BUILD_DIR}/${FRAMEWORKS_FOLDER_PATH}/Realm.framework",
				"${TARGET_BUILD_DIR}/${FRAMEWORKS_FOLDER_PATH}/RealmSwift.framework",
				"${TARGET_BUILD_DIR}/${FRAMEWORKS_FOLDER_PATH}/TTGSnackbar.framework",
			);
			runOnlyForDeploymentPostprocessing = 0;
			shellPath = /bin/sh;
			shellScript = "\"${SRCROOT}/Pods/Target Support Files/Pods-MobileToken/Pods-MobileToken-frameworks.sh\"\n";
			showEnvVarsInLog = 0;
		};
		ACE9AACB4A470CA74FFC1A53 /* [CP] Check Pods Manifest.lock */ = {
			isa = PBXShellScriptBuildPhase;
			buildActionMask = 2147483647;
			files = (
			);
			inputPaths = (
				"${PODS_PODFILE_DIR_PATH}/Podfile.lock",
				"${PODS_ROOT}/Manifest.lock",
			);
			name = "[CP] Check Pods Manifest.lock";
			outputPaths = (
				"$(DERIVED_FILE_DIR)/Pods-MobileTokenTests-checkManifestLockResult.txt",
			);
			runOnlyForDeploymentPostprocessing = 0;
			shellPath = /bin/sh;
			shellScript = "diff \"${PODS_PODFILE_DIR_PATH}/Podfile.lock\" \"${PODS_ROOT}/Manifest.lock\" > /dev/null\nif [ $? != 0 ] ; then\n    # print error to STDERR\n    echo \"error: The sandbox is not in sync with the Podfile.lock. Run 'pod install' or update your CocoaPods installation.\" >&2\n    exit 1\nfi\n# This output is used by Xcode 'outputs' to avoid re-running this script phase.\necho \"SUCCESS\" > \"${SCRIPT_OUTPUT_FILE_0}\"\n";
			showEnvVarsInLog = 0;
		};
		AFAD23002190896C00EC00CB /* ShellScript */ = {
			isa = PBXShellScriptBuildPhase;
			buildActionMask = 2147483647;
			files = (
			);
			inputPaths = (
			);
			outputPaths = (
			);
			runOnlyForDeploymentPostprocessing = 0;
			shellPath = /bin/sh;
			shellScript = "\"$PODS_ROOT/R.swift/rswift\" generate \"$SRCROOT\"\n";
		};
		C71206364838EA0D4F9F171E /* [CP] Check Pods Manifest.lock */ = {
			isa = PBXShellScriptBuildPhase;
			buildActionMask = 2147483647;
			files = (
			);
			inputPaths = (
				"${PODS_PODFILE_DIR_PATH}/Podfile.lock",
				"${PODS_ROOT}/Manifest.lock",
			);
			name = "[CP] Check Pods Manifest.lock";
			outputPaths = (
				"$(DERIVED_FILE_DIR)/Pods-MobileToken-checkManifestLockResult.txt",
			);
			runOnlyForDeploymentPostprocessing = 0;
			shellPath = /bin/sh;
			shellScript = "diff \"${PODS_PODFILE_DIR_PATH}/Podfile.lock\" \"${PODS_ROOT}/Manifest.lock\" > /dev/null\nif [ $? != 0 ] ; then\n    # print error to STDERR\n    echo \"error: The sandbox is not in sync with the Podfile.lock. Run 'pod install' or update your CocoaPods installation.\" >&2\n    exit 1\nfi\n# This output is used by Xcode 'outputs' to avoid re-running this script phase.\necho \"SUCCESS\" > \"${SCRIPT_OUTPUT_FILE_0}\"\n";
			showEnvVarsInLog = 0;
		};
/* End PBXShellScriptBuildPhase section */

/* Begin PBXSourcesBuildPhase section */
		AFB39B482189A6A600302624 /* Sources */ = {
			isa = PBXSourcesBuildPhase;
			buildActionMask = 2147483647;
			files = (
				AF463BCE218AD11900DC8A3E /* User.swift in Sources */,
				AFE81B3B2196E11A00AA0AF2 /* UnsupportedOperationException.swift in Sources */,
				AFE81B4B2196FA3400AA0AF2 /* Localizable.strings in Sources */,
				AFE81B302196DD2E00AA0AF2 /* AuthenticationRepositoryProtocol.swift in Sources */,
				AF246A9021999AE400C44E4B /* UserRealmRepository.swift in Sources */,
				AF285FFA219C52F700D8C342 /* PhoneInputViewController.swift in Sources */,
				AF246A8F21999AE400C44E4B /* UserRestRepository.swift in Sources */,
				AFE81B1C2196D31700AA0AF2 /* UIColorHelper.swift in Sources */,
				AF246A9121999AE400C44E4B /* UserRepositoryProtocol.swift in Sources */,
				AFE81B402196EE3400AA0AF2 /* AuthenticationViewController.swift in Sources */,
				AF246A84219948F300C44E4B /* Token.swift in Sources */,
				AFB9BB2A218EFB42004F16DD /* CardCellXibView.swift in Sources */,
				AF463BC92189DD4900DC8A3E /* RealmConfiguration.swift in Sources */,
				AFBC2ADE21918E6400D37C84 /* CardPagerViewAdapter.swift in Sources */,
				AFAD22FF21907B6300EC00CB /* AddPasswordViewDesignable.swift in Sources */,
				AFE81B312196DD2E00AA0AF2 /* AuthenticationRealmRepository.swift in Sources */,
				AFE81B182196D2AE00AA0AF2 /* PasswordValidator.swift in Sources */,
				AFE81B362196E05900AA0AF2 /* Repository.swift in Sources */,
				AFE190EC219049030023E785 /* OtpViewDesignable.swift in Sources */,
				AFE81B122196CE7F00AA0AF2 /* AuthenticationDefinitionPasswordViewController.swift in Sources */,
				AFE81B2A2196D7F200AA0AF2 /* PasswordHintTableViewCell.swift in Sources */,
				AF463BD0218ADD8200DC8A3E /* Authentication.swift in Sources */,
				AF246A862199762700C44E4B /* AuthenticationRepository.swift in Sources */,
				AFE81B242196D4E700AA0AF2 /* NetHex.swift in Sources */,
				AFAD230221908A9700EC00CB /* R.generated.swift in Sources */,
				AFE81B2B2196D7F200AA0AF2 /* PasswordHintTableAdapter.swift in Sources */,
				AFBC2AE12191936F00D37C84 /* BankCardPagerViewCell.swift in Sources */,
				AFE81B352196E05900AA0AF2 /* RepositoryResponse.swift in Sources */,
				AFE81B3D2196E11A00AA0AF2 /* EntityExistException.swift in Sources */,
				AF246AAB219ADC3300C44E4B /* TokenRepositoryProtocol.swift in Sources */,
				AF246A962199A2CE00C44E4B /* Interceptor.swift in Sources */,
				AFE81B0A2196CC6C00AA0AF2 /* AuthenticationDefinitionViewController.swift in Sources */,
				AF246A7C21984A5500C44E4B /* Bank.swift in Sources */,
				057924BF219202CB00DFA69F /* TokenViewController.swift in Sources */,
				AFAD23072190956900EC00CB /* SelectBankViewDesignable.swift in Sources */,
				AF246AA1219AB17F00C44E4B /* BankRepository.swift in Sources */,
				AF246AA4219AB91700C44E4B /* CardRepositoryProtocol.swift in Sources */,
				AF246A9A2199A5DA00C44E4B /* UserDefaultsJwtPersistor.swift in Sources */,
				AF246AA8219ACAC700C44E4B /* CardRepository.swift in Sources */,
				AFE81B452196EEC100AA0AF2 /* AuthenticationPasswordViewController.swift in Sources */,
				AF246A822198687E00C44E4B /* CardTypeEnum.swift in Sources */,
				AFBC2AE5219197B000D37C84 /* AddCardPagerViewCell.swift in Sources */,
				AF246A9D219AA57B00C44E4B /* BankRepositoryProtocol.swift in Sources */,
				AF246A9F219AAA1700C44E4B /* BankRealmRepository.swift in Sources */,
				AF246A982199A59100C44E4B /* JwtPersistable.swift in Sources */,
				AFE81B1D2196D31700AA0AF2 /* SnackbarHelper.swift in Sources */,
				AF246A8E21999AE400C44E4B /* UserRepository.swift in Sources */,
				AFE81B212196D3CF00AA0AF2 /* Localized.swift in Sources */,
				AF285FF2219C46E300D8C342 /* BankPagerViewAdapter.swift in Sources */,
				AF246A952199A2CE00C44E4B /* ApiHelper.swift in Sources */,
				AF246AAD219ADCC000C44E4B /* TokenRealmRepository.swift in Sources */,
				AFE81B152196CF0500AA0AF2 /* AuthenticationDefinitionPatternViewController.swift in Sources */,
				AFE81B472196EF0C00AA0AF2 /* AuthenticationPatternViewController.swift in Sources */,
				AF285FF6219C4A3500D8C342 /* BankPagerViewCell.swift in Sources */,
				AF246A7E219852EA00C44E4B /* Card.swift in Sources */,
				AF246AA6219ABBA400C44E4B /* CardRelmRepsitory.swift in Sources */,
				AFB39B502189A6A600302624 /* AppDelegate.swift in Sources */,
				AFE81B0E2196CD6400AA0AF2 /* HideKeyboardWhenTappedAround.swift in Sources */,
				AFE81B1E2196D31700AA0AF2 /* UIHelper.swift in Sources */,
				AFE81B3C2196E11A00AA0AF2 /* MalformedURLException.swift in Sources */,
				AF246AAF219AE0A500C44E4B /* TokenRepository.swift in Sources */,
			);
			runOnlyForDeploymentPostprocessing = 0;
		};
		AFB39B5C2189A6A700302624 /* Sources */ = {
			isa = PBXSourcesBuildPhase;
			buildActionMask = 2147483647;
			files = (
				AFB39B652189A6A700302624 /* MobileTokenTests.swift in Sources */,
			);
			runOnlyForDeploymentPostprocessing = 0;
		};
		AFB39B672189A6A700302624 /* Sources */ = {
			isa = PBXSourcesBuildPhase;
			buildActionMask = 2147483647;
			files = (
				AFB39B702189A6A700302624 /* MobileTokenUITests.swift in Sources */,
			);
			runOnlyForDeploymentPostprocessing = 0;
		};
/* End PBXSourcesBuildPhase section */

/* Begin PBXTargetDependency section */
		AFB39B622189A6A700302624 /* PBXTargetDependency */ = {
			isa = PBXTargetDependency;
			target = AFB39B4B2189A6A600302624 /* MobileToken */;
			targetProxy = AFB39B612189A6A700302624 /* PBXContainerItemProxy */;
		};
		AFB39B6D2189A6A700302624 /* PBXTargetDependency */ = {
			isa = PBXTargetDependency;
			target = AFB39B4B2189A6A600302624 /* MobileToken */;
			targetProxy = AFB39B6C2189A6A700302624 /* PBXContainerItemProxy */;
		};
/* End PBXTargetDependency section */

/* Begin PBXVariantGroup section */
		AFB39B532189A6A600302624 /* Main.storyboard */ = {
			isa = PBXVariantGroup;
			children = (
				AFB39B542189A6A600302624 /* Base */,
			);
			name = Main.storyboard;
			sourceTree = "<group>";
		};
		AFB39B582189A6A700302624 /* LaunchScreen.storyboard */ = {
			isa = PBXVariantGroup;
			children = (
				AFB39B592189A6A700302624 /* Base */,
			);
			name = LaunchScreen.storyboard;
			sourceTree = "<group>";
		};
/* End PBXVariantGroup section */

/* Begin XCBuildConfiguration section */
		AFB39B722189A6A700302624 /* Debug */ = {
			isa = XCBuildConfiguration;
			buildSettings = {
				ALWAYS_SEARCH_USER_PATHS = NO;
				CLANG_ANALYZER_LOCALIZABILITY_NONLOCALIZED = YES;
				CLANG_ANALYZER_NONNULL = YES;
				CLANG_ANALYZER_NUMBER_OBJECT_CONVERSION = YES_AGGRESSIVE;
				CLANG_CXX_LANGUAGE_STANDARD = "gnu++14";
				CLANG_CXX_LIBRARY = "libc++";
				CLANG_ENABLE_MODULES = YES;
				CLANG_ENABLE_OBJC_ARC = YES;
				CLANG_ENABLE_OBJC_WEAK = YES;
				CLANG_WARN_BLOCK_CAPTURE_AUTORELEASING = YES;
				CLANG_WARN_BOOL_CONVERSION = YES;
				CLANG_WARN_COMMA = YES;
				CLANG_WARN_CONSTANT_CONVERSION = YES;
				CLANG_WARN_DEPRECATED_OBJC_IMPLEMENTATIONS = YES;
				CLANG_WARN_DIRECT_OBJC_ISA_USAGE = YES_ERROR;
				CLANG_WARN_DOCUMENTATION_COMMENTS = YES;
				CLANG_WARN_EMPTY_BODY = YES;
				CLANG_WARN_ENUM_CONVERSION = YES;
				CLANG_WARN_INFINITE_RECURSION = YES;
				CLANG_WARN_INT_CONVERSION = YES;
				CLANG_WARN_NON_LITERAL_NULL_CONVERSION = YES;
				CLANG_WARN_OBJC_IMPLICIT_RETAIN_SELF = YES;
				CLANG_WARN_OBJC_LITERAL_CONVERSION = YES;
				CLANG_WARN_OBJC_ROOT_CLASS = YES_ERROR;
				CLANG_WARN_RANGE_LOOP_ANALYSIS = YES;
				CLANG_WARN_STRICT_PROTOTYPES = YES;
				CLANG_WARN_SUSPICIOUS_MOVE = YES;
				CLANG_WARN_UNGUARDED_AVAILABILITY = YES_AGGRESSIVE;
				CLANG_WARN_UNREACHABLE_CODE = YES;
				CLANG_WARN__DUPLICATE_METHOD_MATCH = YES;
				CODE_SIGN_IDENTITY = "iPhone Developer";
				COPY_PHASE_STRIP = NO;
				DEBUG_INFORMATION_FORMAT = dwarf;
				ENABLE_STRICT_OBJC_MSGSEND = YES;
				ENABLE_TESTABILITY = YES;
				GCC_C_LANGUAGE_STANDARD = gnu11;
				GCC_DYNAMIC_NO_PIC = NO;
				GCC_NO_COMMON_BLOCKS = YES;
				GCC_OPTIMIZATION_LEVEL = 0;
				GCC_PREPROCESSOR_DEFINITIONS = (
					"DEBUG=1",
					"$(inherited)",
				);
				GCC_WARN_64_TO_32_BIT_CONVERSION = YES;
				GCC_WARN_ABOUT_RETURN_TYPE = YES_ERROR;
				GCC_WARN_UNDECLARED_SELECTOR = YES;
				GCC_WARN_UNINITIALIZED_AUTOS = YES_AGGRESSIVE;
				GCC_WARN_UNUSED_FUNCTION = YES;
				GCC_WARN_UNUSED_VARIABLE = YES;
				IPHONEOS_DEPLOYMENT_TARGET = 12.0;
				MTL_ENABLE_DEBUG_INFO = INCLUDE_SOURCE;
				MTL_FAST_MATH = YES;
				ONLY_ACTIVE_ARCH = YES;
				SDKROOT = iphoneos;
				SWIFT_ACTIVE_COMPILATION_CONDITIONS = DEBUG;
				SWIFT_OPTIMIZATION_LEVEL = "-Onone";
				WEB_SERVICE_HOST = 192.168.1.57;
				WEB_SERVICE_PORT = 443;
				WEB_SERVICE_SCHEME = https;
				WEB_SERVICE_VERSION = 1;
			};
			name = Debug;
		};
		AFB39B732189A6A700302624 /* Release */ = {
			isa = XCBuildConfiguration;
			buildSettings = {
				ALWAYS_SEARCH_USER_PATHS = NO;
				CLANG_ANALYZER_LOCALIZABILITY_NONLOCALIZED = YES;
				CLANG_ANALYZER_NONNULL = YES;
				CLANG_ANALYZER_NUMBER_OBJECT_CONVERSION = YES_AGGRESSIVE;
				CLANG_CXX_LANGUAGE_STANDARD = "gnu++14";
				CLANG_CXX_LIBRARY = "libc++";
				CLANG_ENABLE_MODULES = YES;
				CLANG_ENABLE_OBJC_ARC = YES;
				CLANG_ENABLE_OBJC_WEAK = YES;
				CLANG_WARN_BLOCK_CAPTURE_AUTORELEASING = YES;
				CLANG_WARN_BOOL_CONVERSION = YES;
				CLANG_WARN_COMMA = YES;
				CLANG_WARN_CONSTANT_CONVERSION = YES;
				CLANG_WARN_DEPRECATED_OBJC_IMPLEMENTATIONS = YES;
				CLANG_WARN_DIRECT_OBJC_ISA_USAGE = YES_ERROR;
				CLANG_WARN_DOCUMENTATION_COMMENTS = YES;
				CLANG_WARN_EMPTY_BODY = YES;
				CLANG_WARN_ENUM_CONVERSION = YES;
				CLANG_WARN_INFINITE_RECURSION = YES;
				CLANG_WARN_INT_CONVERSION = YES;
				CLANG_WARN_NON_LITERAL_NULL_CONVERSION = YES;
				CLANG_WARN_OBJC_IMPLICIT_RETAIN_SELF = YES;
				CLANG_WARN_OBJC_LITERAL_CONVERSION = YES;
				CLANG_WARN_OBJC_ROOT_CLASS = YES_ERROR;
				CLANG_WARN_RANGE_LOOP_ANALYSIS = YES;
				CLANG_WARN_STRICT_PROTOTYPES = YES;
				CLANG_WARN_SUSPICIOUS_MOVE = YES;
				CLANG_WARN_UNGUARDED_AVAILABILITY = YES_AGGRESSIVE;
				CLANG_WARN_UNREACHABLE_CODE = YES;
				CLANG_WARN__DUPLICATE_METHOD_MATCH = YES;
				CODE_SIGN_IDENTITY = "iPhone Developer";
				COPY_PHASE_STRIP = NO;
				DEBUG_INFORMATION_FORMAT = "dwarf-with-dsym";
				ENABLE_NS_ASSERTIONS = NO;
				ENABLE_STRICT_OBJC_MSGSEND = YES;
				GCC_C_LANGUAGE_STANDARD = gnu11;
				GCC_NO_COMMON_BLOCKS = YES;
				GCC_WARN_64_TO_32_BIT_CONVERSION = YES;
				GCC_WARN_ABOUT_RETURN_TYPE = YES_ERROR;
				GCC_WARN_UNDECLARED_SELECTOR = YES;
				GCC_WARN_UNINITIALIZED_AUTOS = YES_AGGRESSIVE;
				GCC_WARN_UNUSED_FUNCTION = YES;
				GCC_WARN_UNUSED_VARIABLE = YES;
				IPHONEOS_DEPLOYMENT_TARGET = 12.0;
				MTL_ENABLE_DEBUG_INFO = NO;
				MTL_FAST_MATH = YES;
				SDKROOT = iphoneos;
				SWIFT_COMPILATION_MODE = wholemodule;
				SWIFT_OPTIMIZATION_LEVEL = "-O";
				VALIDATE_PRODUCT = YES;
				WEB_SERVICE_HOST = 192.168.1.57;
				WEB_SERVICE_PORT = 443;
				WEB_SERVICE_SCHEME = https;
				WEB_SERVICE_VERSION = 1;
			};
			name = Release;
		};
		AFB39B752189A6A700302624 /* Debug */ = {
			isa = XCBuildConfiguration;
			baseConfigurationReference = F7F43FE380B1AFF618024899 /* Pods-MobileToken.debug.xcconfig */;
			buildSettings = {
				ASSETCATALOG_COMPILER_APPICON_NAME = AppIcon;
				CODE_SIGN_STYLE = Automatic;
				DEVELOPMENT_TEAM = E8R89PF79F;
				INFOPLIST_FILE = MobileToken/Info.plist;
				IPHONEOS_DEPLOYMENT_TARGET = 11.4;
				LD_RUNPATH_SEARCH_PATHS = (
					"$(inherited)",
					"@executable_path/Frameworks",
				);
				PRODUCT_BUNDLE_IDENTIFIER = ir.ba24.mobiletoken;
				PRODUCT_NAME = "$(TARGET_NAME)";
				SWIFT_VERSION = 4.2;
				TARGETED_DEVICE_FAMILY = "1,2";
			};
			name = Debug;
		};
		AFB39B762189A6A700302624 /* Release */ = {
			isa = XCBuildConfiguration;
			baseConfigurationReference = 1D9306731899899C0CC5FB63 /* Pods-MobileToken.release.xcconfig */;
			buildSettings = {
				ASSETCATALOG_COMPILER_APPICON_NAME = AppIcon;
				CODE_SIGN_STYLE = Automatic;
				DEVELOPMENT_TEAM = E8R89PF79F;
				INFOPLIST_FILE = MobileToken/Info.plist;
				IPHONEOS_DEPLOYMENT_TARGET = 11.4;
				LD_RUNPATH_SEARCH_PATHS = (
					"$(inherited)",
					"@executable_path/Frameworks",
				);
				PRODUCT_BUNDLE_IDENTIFIER = ir.ba24.mobiletoken;
				PRODUCT_NAME = "$(TARGET_NAME)";
				SWIFT_VERSION = 4.2;
				TARGETED_DEVICE_FAMILY = "1,2";
			};
			name = Release;
		};
		AFB39B782189A6A700302624 /* Debug */ = {
			isa = XCBuildConfiguration;
			baseConfigurationReference = ED130E855374C06F3DA0E42E /* Pods-MobileTokenTests.debug.xcconfig */;
			buildSettings = {
				ALWAYS_EMBED_SWIFT_STANDARD_LIBRARIES = YES;
				BUNDLE_LOADER = "$(TEST_HOST)";
				CODE_SIGN_STYLE = Automatic;
				DEVELOPMENT_TEAM = E8R89PF79F;
				INFOPLIST_FILE = MobileTokenTests/Info.plist;
				LD_RUNPATH_SEARCH_PATHS = (
					"$(inherited)",
					"@executable_path/Frameworks",
					"@loader_path/Frameworks",
				);
				PRODUCT_BUNDLE_IDENTIFIER = ba24.ir.MobileTokenTests;
				PRODUCT_NAME = "$(TARGET_NAME)";
				SWIFT_VERSION = 4.2;
				TARGETED_DEVICE_FAMILY = "1,2";
				TEST_HOST = "$(BUILT_PRODUCTS_DIR)/MobileToken.app/MobileToken";
			};
			name = Debug;
		};
		AFB39B792189A6A700302624 /* Release */ = {
			isa = XCBuildConfiguration;
			baseConfigurationReference = 2144BB2A3B47C8CD0710AC23 /* Pods-MobileTokenTests.release.xcconfig */;
			buildSettings = {
				ALWAYS_EMBED_SWIFT_STANDARD_LIBRARIES = YES;
				BUNDLE_LOADER = "$(TEST_HOST)";
				CODE_SIGN_STYLE = Automatic;
				DEVELOPMENT_TEAM = E8R89PF79F;
				INFOPLIST_FILE = MobileTokenTests/Info.plist;
				LD_RUNPATH_SEARCH_PATHS = (
					"$(inherited)",
					"@executable_path/Frameworks",
					"@loader_path/Frameworks",
				);
				PRODUCT_BUNDLE_IDENTIFIER = ba24.ir.MobileTokenTests;
				PRODUCT_NAME = "$(TARGET_NAME)";
				SWIFT_VERSION = 4.2;
				TARGETED_DEVICE_FAMILY = "1,2";
				TEST_HOST = "$(BUILT_PRODUCTS_DIR)/MobileToken.app/MobileToken";
			};
			name = Release;
		};
		AFB39B7B2189A6A700302624 /* Debug */ = {
			isa = XCBuildConfiguration;
			baseConfigurationReference = E8A2288F27762FE7AA71A63C /* Pods-MobileTokenUITests.debug.xcconfig */;
			buildSettings = {
				ALWAYS_EMBED_SWIFT_STANDARD_LIBRARIES = YES;
				CODE_SIGN_STYLE = Automatic;
				DEVELOPMENT_TEAM = E8R89PF79F;
				INFOPLIST_FILE = MobileTokenUITests/Info.plist;
				LD_RUNPATH_SEARCH_PATHS = (
					"$(inherited)",
					"@executable_path/Frameworks",
					"@loader_path/Frameworks",
				);
				PRODUCT_BUNDLE_IDENTIFIER = ba24.ir.MobileTokenUITests;
				PRODUCT_NAME = "$(TARGET_NAME)";
				SWIFT_VERSION = 4.2;
				TARGETED_DEVICE_FAMILY = "1,2";
				TEST_TARGET_NAME = MobileToken;
			};
			name = Debug;
		};
		AFB39B7C2189A6A700302624 /* Release */ = {
			isa = XCBuildConfiguration;
			baseConfigurationReference = 7920D509CD7A2AA91738710E /* Pods-MobileTokenUITests.release.xcconfig */;
			buildSettings = {
				ALWAYS_EMBED_SWIFT_STANDARD_LIBRARIES = YES;
				CODE_SIGN_STYLE = Automatic;
				DEVELOPMENT_TEAM = E8R89PF79F;
				INFOPLIST_FILE = MobileTokenUITests/Info.plist;
				LD_RUNPATH_SEARCH_PATHS = (
					"$(inherited)",
					"@executable_path/Frameworks",
					"@loader_path/Frameworks",
				);
				PRODUCT_BUNDLE_IDENTIFIER = ba24.ir.MobileTokenUITests;
				PRODUCT_NAME = "$(TARGET_NAME)";
				SWIFT_VERSION = 4.2;
				TARGETED_DEVICE_FAMILY = "1,2";
				TEST_TARGET_NAME = MobileToken;
			};
			name = Release;
		};
/* End XCBuildConfiguration section */

/* Begin XCConfigurationList section */
		AFB39B472189A6A600302624 /* Build configuration list for PBXProject "MobileToken" */ = {
			isa = XCConfigurationList;
			buildConfigurations = (
				AFB39B722189A6A700302624 /* Debug */,
				AFB39B732189A6A700302624 /* Release */,
			);
			defaultConfigurationIsVisible = 0;
			defaultConfigurationName = Release;
		};
		AFB39B742189A6A700302624 /* Build configuration list for PBXNativeTarget "MobileToken" */ = {
			isa = XCConfigurationList;
			buildConfigurations = (
				AFB39B752189A6A700302624 /* Debug */,
				AFB39B762189A6A700302624 /* Release */,
			);
			defaultConfigurationIsVisible = 0;
			defaultConfigurationName = Release;
		};
		AFB39B772189A6A700302624 /* Build configuration list for PBXNativeTarget "MobileTokenTests" */ = {
			isa = XCConfigurationList;
			buildConfigurations = (
				AFB39B782189A6A700302624 /* Debug */,
				AFB39B792189A6A700302624 /* Release */,
			);
			defaultConfigurationIsVisible = 0;
			defaultConfigurationName = Release;
		};
		AFB39B7A2189A6A700302624 /* Build configuration list for PBXNativeTarget "MobileTokenUITests" */ = {
			isa = XCConfigurationList;
			buildConfigurations = (
				AFB39B7B2189A6A700302624 /* Debug */,
				AFB39B7C2189A6A700302624 /* Release */,
			);
			defaultConfigurationIsVisible = 0;
			defaultConfigurationName = Release;
		};
/* End XCConfigurationList section */
	};
	rootObject = AFB39B442189A6A600302624 /* Project object */;
}
